{
  "name": "@middy/s3-key-normalizer",
  "version": "2.5.1",
  "lockfileVersion": 2,
  "requires": true,
  "packages": {
    "": {
      "name": "@middy/s3-key-normalizer",
      "version": "2.5.0",
      "license": "MIT",
      "devDependencies": {
        "@middy/core": "^2.5.0",
        "@middy/sqs-json-body-parser": "^2.5.0"
      },
      "engines": {
        "node": ">=12"
      }
    },
    "node_modules/@middy/core": {
      "version": "2.5.0",
      "resolved": "https://registry.npmjs.org/@middy/core/-/core-2.5.0.tgz",
      "integrity": "sha512-XAOzXWY/PCVXC1WaWwA+kf5eo8FRDt8twaps1jTYS0+BvFsT8SryK0OuwcIi+OurCDV8UrFbk3BqV0pKtFbXtg==",
      "dev": true,
      "engines": {
        "node": ">=12"
      }
    },
    "node_modules/@middy/sqs-json-body-parser": {
      "version": "2.5.0",
      "resolved": "https://registry.npmjs.org/@middy/sqs-json-body-parser/-/sqs-json-body-parser-2.5.0.tgz",
      "integrity": "sha512-M4qanOLzfbcRegEUVz6tG+B/IyjxgR+dp7bD67TpBdkqrUXrNLckpVv/HCtManb0dZZ6NoHHJAIQzecB0BZ7Gg==",
      "dev": true,
      "dependencies": {
        "@middy/util": "^2.5.0"
      },
      "engines": {
        "node": ">=12"
      }
    },
    "node_modules/@middy/util": {
      "version": "2.5.0",
      "resolved": "https://registry.npmjs.org/@middy/util/-/util-2.5.0.tgz",
      "integrity": "sha512-n1bKdXLY22n+5B+2OrcPzpfDnPEtfguTlUlnn3hxN+Ak0FrH5Fx5ZwF1Wm+ShBDCzqwuERx2kcDLb8cLmMHCXQ==",
      "dev": true,
      "engines": {
        "node": ">=12"
      }
    }
  },
  "dependencies": {
    "@middy/core": {
      "version": "2.5.0",
      "resolved": "https://registry.npmjs.org/@middy/core/-/core-2.5.0.tgz",
      "integrity": "sha512-XAOzXWY/PCVXC1WaWwA+kf5eo8FRDt8twaps1jTYS0+BvFsT8SryK0OuwcIi+OurCDV8UrFbk3BqV0pKtFbXtg==",
      "dev": true
    },
    "@middy/sqs-json-body-parser": {
      "version": "2.5.0",
      "resolved": "https://registry.npmjs.org/@middy/sqs-json-body-parser/-/sqs-json-body-parser-2.5.0.tgz",
      "integrity": "sha512-M4qanOLzfbcRegEUVz6tG+B/IyjxgR+dp7bD67TpBdkqrUXrNLckpVv/HCtManb0dZZ6NoHHJAIQzecB0BZ7Gg==",
      "dev": true,
      "requires": {
        "@middy/util": "^2.5.0"
      }
    },
    "@middy/util": {
      "version": "2.5.0",
      "resolved": "https://registry.npmjs.org/@middy/util/-/util-2.5.0.tgz",
      "integrity": "sha512-n1bKdXLY22n+5B+2OrcPzpfDnPEtfguTlUlnn3hxN+Ak0FrH5Fx5ZwF1Wm+ShBDCzqwuERx2kcDLb8cLmMHCXQ==",
      "dev": true
    }
  }
}
