{
  "name": "@middy/http-event-normalizer",
  "version": "4.0.0-alpha.2",
  "lockfileVersion": 2,
  "requires": true,
  "packages": {
    "": {
      "name": "@middy/http-event-normalizer",
      "version": "4.0.0-alpha.2",
      "license": "MIT",
      "devDependencies": {
        "@middy/core": "4.0.0-alpha.2",
        "@types/aws-lambda": "^8.10.101"
      },
      "engines": {
        "node": ">=16"
      }
    },
    "node_modules/@middy/core": {
      "version": "4.0.0-alpha.1",
      "resolved": "https://registry.npmjs.org/@middy/core/-/core-4.0.0-alpha.1.tgz",
      "integrity": "sha512-aHP0pAUJCk09Tc4y5YpP03J9gWbnG58TClkk/uEnd6AJoBGHrrvQ59AtVa/mut3dQHkcYetG9x2T0EYk74HwOg==",
      "dev": true,
      "engines": {
        "node": ">=16"
      }
    },
    "node_modules/@types/aws-lambda": {
      "version": "8.10.108",
      "resolved": "https://registry.npmjs.org/@types/aws-lambda/-/aws-lambda-8.10.108.tgz",
      "integrity": "sha512-1yh1W1WoqK3lGHy+V/Fi55zobxrDHUUsluCWdMlOXkCvtsCmHPXOG+CQ2STIL4B1g6xi6I6XzxaF8V9+zeIFLA==",
      "dev": true
    }
  },
  "dependencies": {
    "@middy/core": {
      "version": "4.0.0-alpha.1",
      "resolved": "https://registry.npmjs.org/@middy/core/-/core-4.0.0-alpha.1.tgz",
      "integrity": "sha512-aHP0pAUJCk09Tc4y5YpP03J9gWbnG58TClkk/uEnd6AJoBGHrrvQ59AtVa/mut3dQHkcYetG9x2T0EYk74HwOg==",
      "dev": true
    },
    "@types/aws-lambda": {
      "version": "8.10.108",
      "resolved": "https://registry.npmjs.org/@types/aws-lambda/-/aws-lambda-8.10.108.tgz",
      "integrity": "sha512-1yh1W1WoqK3lGHy+V/Fi55zobxrDHUUsluCWdMlOXkCvtsCmHPXOG+CQ2STIL4B1g6xi6I6XzxaF8V9+zeIFLA==",
      "dev": true
    }
  }
}
