{
  "name": "@middy/http-event-normalizer",
  "version": "5.0.0-alpha.0",
  "lockfileVersion": 3,
  "requires": true,
  "packages": {
    "": {
      "name": "@middy/http-event-normalizer",
      "version": "5.0.0-alpha.0",
      "license": "MIT",
      "devDependencies": {
        "@middy/core": "5.0.0-alpha.0",
        "@types/aws-lambda": "^8.10.101"
      },
      "engines": {
        "node": ">=18"
      },
      "funding": {
        "type": "github",
        "url": "https://github.com/sponsors/willfarrell"
      }
    },
    "node_modules/@middy/core": {
      "version": "5.0.0-alpha.0",
      "resolved": "https://registry.npmjs.org/@middy/core/-/core-5.0.0-alpha.0.tgz",
      "integrity": "sha512-7nkjoxuQ57vMD5S6IJmVsec6ebeM9JSkk8YQf3LpUUCqMLgbVfyFT9bcXY90vb/UICNuDEnkLyEbi0/bCFYgBg==",
      "dev": true,
      "engines": {
        "node": ">=18"
      },
      "funding": {
        "type": "github",
        "url": "https://github.com/sponsors/willfarrell"
      }
    },
    "node_modules/@types/aws-lambda": {
      "version": "8.10.114",
      "resolved": "https://registry.npmjs.org/@types/aws-lambda/-/aws-lambda-8.10.114.tgz",
      "integrity": "sha512-M8WpEGfC9iQ6V2Ccq6nGIXoQgeVc6z0Ngk8yCOL5V/TYIxshvb0MWQYLFFTZDesL0zmsoBc4OBjG9DB/4rei6w==",
      "dev": true
    }
  }
}
