{
  "name": "@middy/http-content-encoding",
  "version": "3.5.0",
  "lockfileVersion": 2,
  "requires": true,
  "packages": {
    "": {
      "name": "@middy/http-content-encoding",
      "version": "3.5.0",
      "license": "MIT",
      "dependencies": {
        "@datastream/compress": "0.0.6",
        "@datastream/core": "0.0.6",
        "@middy/util": "3.5.0"
      },
      "devDependencies": {
        "@middy/core": "3.5.0"
      },
      "engines": {
        "node": ">=12"
      }
    },
    "node_modules/@datastream/compress": {
      "version": "0.0.6",
      "resolved": "https://registry.npmjs.org/@datastream/compress/-/compress-0.0.6.tgz",
      "integrity": "sha512-s9V/dk0NxjRgdnBURUGuiC1k1GuIeEFlOKwcSlPETiqsNsaOSXF9cgAIVrgrKVpu2lyeNdrcmJY193PANmH8gQ==",
      "dependencies": {
        "@datastream/compress": "0.0.6",
        "@datastream/core": "0.0.6",
        "brotli-wasm": "1.3.0"
      },
      "engines": {
        "node": ">=18"
      }
    },
    "node_modules/@datastream/core": {
      "version": "0.0.6",
      "resolved": "https://registry.npmjs.org/@datastream/core/-/core-0.0.6.tgz",
      "integrity": "sha512-1vLEuZMmN6DhdU679JeAJEdicj98+hdJ6dHyTqcNFbayq/NnrBxXUBvSLCCVbvok1F9A/eEXBXAYWXjvOBeTdg==",
      "engines": {
        "node": ">=18"
      }
    },
    "node_modules/@middy/core": {
      "version": "3.5.0",
      "resolved": "https://registry.npmjs.org/@middy/core/-/core-3.5.0.tgz",
      "integrity": "sha512-IPX68ruFLNsnX1bRLEsNKcJzY30dCuQJl70GxHlkJJrGb0QJq3beHlt3p+fdIwke1YSX4aBrs3dCACwZ5VoSIw==",
      "dev": true,
      "engines": {
        "node": ">=14"
      }
    },
    "node_modules/@middy/util": {
      "version": "3.5.0",
      "resolved": "https://registry.npmjs.org/@middy/util/-/util-3.5.0.tgz",
      "integrity": "sha512-qbZAH9IyKFYNihybp5KlCbJCjIKD/2EmKiM4KHDarTS5rU1nB8pdOjxqc9s2q/S2/aA8iajAHams/KAarjmbVw==",
      "engines": {
        "node": ">=14"
      }
    },
    "node_modules/brotli-wasm": {
      "version": "1.3.0",
      "resolved": "https://registry.npmjs.org/brotli-wasm/-/brotli-wasm-1.3.0.tgz",
      "integrity": "sha512-UnkbbzX4/eYPzxUUAnIb3MVU477fY/ZXAwRBLQXjnikNFILSoIYtCPjC9CJKdndSpjFKhsYNYS6xRWyuarkyRQ=="
    }
  },
  "dependencies": {
    "@datastream/compress": {
      "version": "0.0.6",
      "resolved": "https://registry.npmjs.org/@datastream/compress/-/compress-0.0.6.tgz",
      "integrity": "sha512-s9V/dk0NxjRgdnBURUGuiC1k1GuIeEFlOKwcSlPETiqsNsaOSXF9cgAIVrgrKVpu2lyeNdrcmJY193PANmH8gQ==",
      "requires": {
        "@datastream/compress": "0.0.6",
        "@datastream/core": "0.0.6",
        "brotli-wasm": "1.3.0"
      }
    },
    "@datastream/core": {
      "version": "0.0.6",
      "resolved": "https://registry.npmjs.org/@datastream/core/-/core-0.0.6.tgz",
      "integrity": "sha512-1vLEuZMmN6DhdU679JeAJEdicj98+hdJ6dHyTqcNFbayq/NnrBxXUBvSLCCVbvok1F9A/eEXBXAYWXjvOBeTdg=="
    },
    "@middy/core": {
      "version": "3.5.0",
      "resolved": "https://registry.npmjs.org/@middy/core/-/core-3.5.0.tgz",
      "integrity": "sha512-IPX68ruFLNsnX1bRLEsNKcJzY30dCuQJl70GxHlkJJrGb0QJq3beHlt3p+fdIwke1YSX4aBrs3dCACwZ5VoSIw==",
      "dev": true
    },
    "@middy/util": {
      "version": "3.5.0",
      "resolved": "https://registry.npmjs.org/@middy/util/-/util-3.5.0.tgz",
      "integrity": "sha512-qbZAH9IyKFYNihybp5KlCbJCjIKD/2EmKiM4KHDarTS5rU1nB8pdOjxqc9s2q/S2/aA8iajAHams/KAarjmbVw=="
    },
    "brotli-wasm": {
      "version": "1.3.0",
      "resolved": "https://registry.npmjs.org/brotli-wasm/-/brotli-wasm-1.3.0.tgz",
      "integrity": "sha512-UnkbbzX4/eYPzxUUAnIb3MVU477fY/ZXAwRBLQXjnikNFILSoIYtCPjC9CJKdndSpjFKhsYNYS6xRWyuarkyRQ=="
    }
  }
}
