{
  "name": "@middy/http-content-encoding",
  "version": "4.0.0-alpha.0",
  "lockfileVersion": 2,
  "requires": true,
  "packages": {
    "": {
      "name": "@middy/http-content-encoding",
      "version": "4.0.0-alpha.0",
      "license": "MIT",
      "dependencies": {
        "@datastream/compress": "0.0.8",
        "@datastream/core": "0.0.8",
        "@middy/util": "4.0.0-alpha.0"
      },
      "devDependencies": {
        "@middy/core": "4.0.0-alpha.0"
      },
      "engines": {
        "node": ">=12"
      }
    },
    "node_modules/@datastream/compress": {
      "version": "0.0.8",
      "resolved": "https://registry.npmjs.org/@datastream/compress/-/compress-0.0.8.tgz",
      "integrity": "sha512-1OnjauAFEhCcRPCdmVNz08FW2Mpl9I3PwBNeQIaikd+Pg8T7FGWogKT7AYVabiJJayUp60/PFYIXvEwnxdAZ/A==",
      "dependencies": {
        "@datastream/compression": "file:./",
        "@datastream/core": "0.0.8",
        "brotli-wasm": "1.3.0"
      },
      "engines": {
        "node": ">=18"
      }
    },
    "node_modules/@datastream/compression": {
      "resolved": "node_modules/@datastream/compress",
      "link": true
    },
    "node_modules/@datastream/core": {
      "version": "0.0.8",
      "resolved": "https://registry.npmjs.org/@datastream/core/-/core-0.0.8.tgz",
      "integrity": "sha512-6G+pwYPsuUvVOrWxUSI0Zrnvd25knYoTUKCIBm7rD1zYbYZYcLmpOcEZqauTdTXNvk2YbvJdYtU0ncGkKaRI0A==",
      "dependencies": {
        "cloneable-readable": "3.0.0"
      },
      "engines": {
        "node": ">=18"
      }
    },
    "node_modules/@middy/core": {
      "version": "3.6.2",
      "resolved": "https://registry.npmjs.org/@middy/core/-/core-3.6.2.tgz",
      "integrity": "sha512-/vyvG34RIt7CTmuB/jksGkk9vs6RCoOlRFPfdQq11dHkiKlT2mm8j/jZx7gSpEhXXh9LeaEMuKPnsgWBIlGS1g==",
      "dev": true,
      "engines": {
        "node": ">=14"
      }
    },
    "node_modules/@middy/util": {
      "version": "3.6.2",
      "resolved": "https://registry.npmjs.org/@middy/util/-/util-3.6.2.tgz",
      "integrity": "sha512-zjyjF5BdSNnDlZbTvfQwwuUIs3H5PpN/R3wOAipXhaGD/SjpIUBcJJPLUQHySeHoZym1FC3MJYczJDbYQWKWdg==",
      "engines": {
        "node": ">=14"
      }
    },
    "node_modules/abort-controller": {
      "version": "3.0.0",
      "resolved": "https://registry.npmjs.org/abort-controller/-/abort-controller-3.0.0.tgz",
      "integrity": "sha512-h8lQ8tacZYnR3vNQTgibj+tODHI5/+l06Au2Pcriv/Gmet0eaj4TwWH41sO9wnHDiQsEj19q0drzdWdeAHtweg==",
      "dependencies": {
        "event-target-shim": "^5.0.0"
      },
      "engines": {
        "node": ">=6.5"
      }
    },
    "node_modules/base64-js": {
      "version": "1.5.1",
      "resolved": "https://registry.npmjs.org/base64-js/-/base64-js-1.5.1.tgz",
      "integrity": "sha512-AKpaYlHn8t4SVbOHCy+b5+KKgvR4vrsD8vbvrbiQJps7fKDTkjkDry6ji0rUJjC0kzbNePLwzxq8iypo41qeWA==",
      "funding": [
        {
          "type": "github",
          "url": "https://github.com/sponsors/feross"
        },
        {
          "type": "patreon",
          "url": "https://www.patreon.com/feross"
        },
        {
          "type": "consulting",
          "url": "https://feross.org/support"
        }
      ]
    },
    "node_modules/brotli-wasm": {
      "version": "1.3.0",
      "resolved": "https://registry.npmjs.org/brotli-wasm/-/brotli-wasm-1.3.0.tgz",
      "integrity": "sha512-UnkbbzX4/eYPzxUUAnIb3MVU477fY/ZXAwRBLQXjnikNFILSoIYtCPjC9CJKdndSpjFKhsYNYS6xRWyuarkyRQ=="
    },
    "node_modules/buffer": {
      "version": "6.0.3",
      "resolved": "https://registry.npmjs.org/buffer/-/buffer-6.0.3.tgz",
      "integrity": "sha512-FTiCpNxtwiZZHEZbcbTIcZjERVICn9yq/pDFkTl95/AxzD1naBctN7YO68riM/gLSDY7sdrMby8hofADYuuqOA==",
      "funding": [
        {
          "type": "github",
          "url": "https://github.com/sponsors/feross"
        },
        {
          "type": "patreon",
          "url": "https://www.patreon.com/feross"
        },
        {
          "type": "consulting",
          "url": "https://feross.org/support"
        }
      ],
      "dependencies": {
        "base64-js": "^1.3.1",
        "ieee754": "^1.2.1"
      }
    },
    "node_modules/cloneable-readable": {
      "version": "3.0.0",
      "resolved": "https://registry.npmjs.org/cloneable-readable/-/cloneable-readable-3.0.0.tgz",
      "integrity": "sha512-Lkfd9IRx1nfiBr7UHNxJSl/x7DOeUfYmxzCkxYJC2tyc/9vKgV75msgLGurGQsak/NvJDHMWcshzEXRlxfvhqg==",
      "dependencies": {
        "readable-stream": "^4.0.0"
      }
    },
    "node_modules/event-target-shim": {
      "version": "5.0.1",
      "resolved": "https://registry.npmjs.org/event-target-shim/-/event-target-shim-5.0.1.tgz",
      "integrity": "sha512-i/2XbnSz/uxRCU6+NdVJgKWDTM427+MqYbkQzD321DuCQJUqOuJKIA0IM2+W2xtYHdKOmZ4dR6fExsd4SXL+WQ==",
      "engines": {
        "node": ">=6"
      }
    },
    "node_modules/events": {
      "version": "3.3.0",
      "resolved": "https://registry.npmjs.org/events/-/events-3.3.0.tgz",
      "integrity": "sha512-mQw+2fkQbALzQ7V0MY0IqdnXNOeTtP4r0lN9z7AAawCXgqea7bDii20AYrIBrFd/Hx0M2Ocz6S111CaFkUcb0Q==",
      "engines": {
        "node": ">=0.8.x"
      }
    },
    "node_modules/ieee754": {
      "version": "1.2.1",
      "resolved": "https://registry.npmjs.org/ieee754/-/ieee754-1.2.1.tgz",
      "integrity": "sha512-dcyqhDvX1C46lXZcVqCpK+FtMRQVdIMN6/Df5js2zouUsqG7I6sFxitIC+7KYK29KdXOLHdu9zL4sFnoVQnqaA==",
      "funding": [
        {
          "type": "github",
          "url": "https://github.com/sponsors/feross"
        },
        {
          "type": "patreon",
          "url": "https://www.patreon.com/feross"
        },
        {
          "type": "consulting",
          "url": "https://feross.org/support"
        }
      ]
    },
    "node_modules/process": {
      "version": "0.11.10",
      "resolved": "https://registry.npmjs.org/process/-/process-0.11.10.tgz",
      "integrity": "sha512-cdGef/drWFoydD1JsMzuFf8100nZl+GT+yacc2bEced5f9Rjk4z+WtFUTBu9PhOi9j/jfmBPu0mMEY4wIdAF8A==",
      "engines": {
        "node": ">= 0.6.0"
      }
    },
    "node_modules/readable-stream": {
      "version": "4.2.0",
      "resolved": "https://registry.npmjs.org/readable-stream/-/readable-stream-4.2.0.tgz",
      "integrity": "sha512-gJrBHsaI3lgBoGMW/jHZsQ/o/TIWiu5ENCJG1BB7fuCKzpFM8GaS2UoBVt9NO+oI+3FcrBNbUkl3ilDe09aY4A==",
      "dependencies": {
        "abort-controller": "^3.0.0",
        "buffer": "^6.0.3",
        "events": "^3.3.0",
        "process": "^0.11.10"
      },
      "engines": {
        "node": "^12.22.0 || ^14.17.0 || >=16.0.0"
      }
    }
  },
  "dependencies": {
    "@datastream/compress": {
      "version": "0.0.8",
      "resolved": "https://registry.npmjs.org/@datastream/compress/-/compress-0.0.8.tgz",
      "integrity": "sha512-1OnjauAFEhCcRPCdmVNz08FW2Mpl9I3PwBNeQIaikd+Pg8T7FGWogKT7AYVabiJJayUp60/PFYIXvEwnxdAZ/A==",
      "requires": {
        "@datastream/compression": "file:",
        "@datastream/core": "0.0.8",
        "brotli-wasm": "1.3.0"
      }
    },
    "@datastream/compression": {
      "version": "file:node_modules/@datastream/compress",
      "requires": {
        "@datastream/compression": "file:",
        "@datastream/core": "0.0.8",
        "brotli-wasm": "1.3.0"
      }
    },
    "@datastream/core": {
      "version": "0.0.8",
      "resolved": "https://registry.npmjs.org/@datastream/core/-/core-0.0.8.tgz",
      "integrity": "sha512-6G+pwYPsuUvVOrWxUSI0Zrnvd25knYoTUKCIBm7rD1zYbYZYcLmpOcEZqauTdTXNvk2YbvJdYtU0ncGkKaRI0A==",
      "requires": {
        "cloneable-readable": "3.0.0"
      }
    },
    "@middy/core": {
      "version": "3.6.2",
      "resolved": "https://registry.npmjs.org/@middy/core/-/core-3.6.2.tgz",
      "integrity": "sha512-/vyvG34RIt7CTmuB/jksGkk9vs6RCoOlRFPfdQq11dHkiKlT2mm8j/jZx7gSpEhXXh9LeaEMuKPnsgWBIlGS1g==",
      "dev": true
    },
    "@middy/util": {
      "version": "3.6.2",
      "resolved": "https://registry.npmjs.org/@middy/util/-/util-3.6.2.tgz",
      "integrity": "sha512-zjyjF5BdSNnDlZbTvfQwwuUIs3H5PpN/R3wOAipXhaGD/SjpIUBcJJPLUQHySeHoZym1FC3MJYczJDbYQWKWdg=="
    },
    "abort-controller": {
      "version": "3.0.0",
      "resolved": "https://registry.npmjs.org/abort-controller/-/abort-controller-3.0.0.tgz",
      "integrity": "sha512-h8lQ8tacZYnR3vNQTgibj+tODHI5/+l06Au2Pcriv/Gmet0eaj4TwWH41sO9wnHDiQsEj19q0drzdWdeAHtweg==",
      "requires": {
        "event-target-shim": "^5.0.0"
      }
    },
    "base64-js": {
      "version": "1.5.1",
      "resolved": "https://registry.npmjs.org/base64-js/-/base64-js-1.5.1.tgz",
      "integrity": "sha512-AKpaYlHn8t4SVbOHCy+b5+KKgvR4vrsD8vbvrbiQJps7fKDTkjkDry6ji0rUJjC0kzbNePLwzxq8iypo41qeWA=="
    },
    "brotli-wasm": {
      "version": "1.3.0",
      "resolved": "https://registry.npmjs.org/brotli-wasm/-/brotli-wasm-1.3.0.tgz",
      "integrity": "sha512-UnkbbzX4/eYPzxUUAnIb3MVU477fY/ZXAwRBLQXjnikNFILSoIYtCPjC9CJKdndSpjFKhsYNYS6xRWyuarkyRQ=="
    },
    "buffer": {
      "version": "6.0.3",
      "resolved": "https://registry.npmjs.org/buffer/-/buffer-6.0.3.tgz",
      "integrity": "sha512-FTiCpNxtwiZZHEZbcbTIcZjERVICn9yq/pDFkTl95/AxzD1naBctN7YO68riM/gLSDY7sdrMby8hofADYuuqOA==",
      "requires": {
        "base64-js": "^1.3.1",
        "ieee754": "^1.2.1"
      }
    },
    "cloneable-readable": {
      "version": "3.0.0",
      "resolved": "https://registry.npmjs.org/cloneable-readable/-/cloneable-readable-3.0.0.tgz",
      "integrity": "sha512-Lkfd9IRx1nfiBr7UHNxJSl/x7DOeUfYmxzCkxYJC2tyc/9vKgV75msgLGurGQsak/NvJDHMWcshzEXRlxfvhqg==",
      "requires": {
        "readable-stream": "^4.0.0"
      }
    },
    "event-target-shim": {
      "version": "5.0.1",
      "resolved": "https://registry.npmjs.org/event-target-shim/-/event-target-shim-5.0.1.tgz",
      "integrity": "sha512-i/2XbnSz/uxRCU6+NdVJgKWDTM427+MqYbkQzD321DuCQJUqOuJKIA0IM2+W2xtYHdKOmZ4dR6fExsd4SXL+WQ=="
    },
    "events": {
      "version": "3.3.0",
      "resolved": "https://registry.npmjs.org/events/-/events-3.3.0.tgz",
      "integrity": "sha512-mQw+2fkQbALzQ7V0MY0IqdnXNOeTtP4r0lN9z7AAawCXgqea7bDii20AYrIBrFd/Hx0M2Ocz6S111CaFkUcb0Q=="
    },
    "ieee754": {
      "version": "1.2.1",
      "resolved": "https://registry.npmjs.org/ieee754/-/ieee754-1.2.1.tgz",
      "integrity": "sha512-dcyqhDvX1C46lXZcVqCpK+FtMRQVdIMN6/Df5js2zouUsqG7I6sFxitIC+7KYK29KdXOLHdu9zL4sFnoVQnqaA=="
    },
    "process": {
      "version": "0.11.10",
      "resolved": "https://registry.npmjs.org/process/-/process-0.11.10.tgz",
      "integrity": "sha512-cdGef/drWFoydD1JsMzuFf8100nZl+GT+yacc2bEced5f9Rjk4z+WtFUTBu9PhOi9j/jfmBPu0mMEY4wIdAF8A=="
    },
    "readable-stream": {
      "version": "4.2.0",
      "resolved": "https://registry.npmjs.org/readable-stream/-/readable-stream-4.2.0.tgz",
      "integrity": "sha512-gJrBHsaI3lgBoGMW/jHZsQ/o/TIWiu5ENCJG1BB7fuCKzpFM8GaS2UoBVt9NO+oI+3FcrBNbUkl3ilDe09aY4A==",
      "requires": {
        "abort-controller": "^3.0.0",
        "buffer": "^6.0.3",
        "events": "^3.3.0",
        "process": "^0.11.10"
      }
    }
  }
}
