{
  "name": "@middy/http-urlencode-body-parser",
  "version": "2.0.0-beta.0",
  "lockfileVersion": 2,
  "requires": true,
  "packages": {
    "": {
      "name": "@middy/http-urlencode-body-parser",
      "version": "2.0.0-alpha.6",
      "license": "MIT",
      "dependencies": {
        "content-type": "1.0.4",
        "qs": "6.9.4"
      },
      "devDependencies": {
        "@middy/core": "2.0.0-alpha.6"
      },
      "engines": {
        "node": ">=12"
      }
    },
    "node_modules/@middy/core": {
      "version": "2.0.0-alpha.6",
      "resolved": "https://registry.npmjs.org/@middy/core/-/core-2.0.0-alpha.6.tgz",
      "integrity": "sha512-b0GywbbFKZuxjpyzhBu/1YN+gzz8ipeoeNZV5n+1dQEv/YOsjLXf4NcOaUotoTFj8MirgtMUYqEUy3TWVxf3iQ==",
      "dev": true,
      "engines": {
        "node": ">=12"
      }
    },
    "node_modules/content-type": {
      "version": "1.0.4",
      "resolved": "https://registry.npmjs.org/content-type/-/content-type-1.0.4.tgz",
      "integrity": "sha512-hIP3EEPs8tB9AT1L+NUqtwOAps4mk2Zob89MWXMHjHWg9milF/j4osnnQLXBCBFBk/tvIG/tUc9mOUJiPBhPXA==",
      "engines": {
        "node": ">= 0.6"
      }
    },
    "node_modules/qs": {
      "version": "6.9.4",
      "resolved": "https://registry.npmjs.org/qs/-/qs-6.9.4.tgz",
      "integrity": "sha512-A1kFqHekCTM7cz0udomYUoYNWjBebHm/5wzU/XqrBRBNWectVH0QIiN+NEcZ0Dte5hvzHwbr8+XQmguPhJ6WdQ==",
      "engines": {
        "node": ">=0.6"
      }
    }
  },
  "dependencies": {
    "@middy/core": {
      "version": "2.0.0-alpha.6",
      "resolved": "https://registry.npmjs.org/@middy/core/-/core-2.0.0-alpha.6.tgz",
      "integrity": "sha512-b0GywbbFKZuxjpyzhBu/1YN+gzz8ipeoeNZV5n+1dQEv/YOsjLXf4NcOaUotoTFj8MirgtMUYqEUy3TWVxf3iQ==",
      "dev": true
    },
    "content-type": {
      "version": "1.0.4",
      "resolved": "https://registry.npmjs.org/content-type/-/content-type-1.0.4.tgz",
      "integrity": "sha512-hIP3EEPs8tB9AT1L+NUqtwOAps4mk2Zob89MWXMHjHWg9milF/j4osnnQLXBCBFBk/tvIG/tUc9mOUJiPBhPXA=="
    },
    "qs": {
      "version": "6.9.4",
      "resolved": "https://registry.npmjs.org/qs/-/qs-6.9.4.tgz",
      "integrity": "sha512-A1kFqHekCTM7cz0udomYUoYNWjBebHm/5wzU/XqrBRBNWectVH0QIiN+NEcZ0Dte5hvzHwbr8+XQmguPhJ6WdQ=="
    }
  }
}
