{
  "name": "@middy/http-cors",
  "version": "2.4.3",
  "lockfileVersion": 2,
  "requires": true,
  "packages": {
    "": {
      "name": "@middy/http-cors",
      "version": "2.4.2",
      "license": "MIT",
      "dependencies": {
        "@middy/util": "^2.4.2"
      },
      "devDependencies": {
        "@middy/core": "^2.4.2"
      },
      "engines": {
        "node": ">=12"
      }
    },
    "node_modules/@middy/core": {
      "version": "2.4.2",
      "resolved": "https://registry.npmjs.org/@middy/core/-/core-2.4.2.tgz",
      "integrity": "sha512-ZP1BoVOWiYRptXdJHuqn0W4kJXajR9fdUtP29w+9XUD6snh4sKpw9OuF3P8TnzpSy9TIBVpJ/SuAC2Ilh1OWGQ==",
      "dev": true,
      "engines": {
        "node": ">=12"
      }
    },
    "node_modules/@middy/util": {
      "version": "2.4.2",
      "resolved": "https://registry.npmjs.org/@middy/util/-/util-2.4.2.tgz",
      "integrity": "sha512-ZNRyL0T4+8xruSMPQTHg2jHsJsdKhXBVCdrtsRHReFpl++NMeWkLtI2t/o6e3KQYMdUcpA/nH4wiWUh8NGerwQ==",
      "engines": {
        "node": ">=12"
      }
    }
  },
  "dependencies": {
    "@middy/core": {
      "version": "2.4.2",
      "resolved": "https://registry.npmjs.org/@middy/core/-/core-2.4.2.tgz",
      "integrity": "sha512-ZP1BoVOWiYRptXdJHuqn0W4kJXajR9fdUtP29w+9XUD6snh4sKpw9OuF3P8TnzpSy9TIBVpJ/SuAC2Ilh1OWGQ==",
      "dev": true
    },
    "@middy/util": {
      "version": "2.4.2",
      "resolved": "https://registry.npmjs.org/@middy/util/-/util-2.4.2.tgz",
      "integrity": "sha512-ZNRyL0T4+8xruSMPQTHg2jHsJsdKhXBVCdrtsRHReFpl++NMeWkLtI2t/o6e3KQYMdUcpA/nH4wiWUh8NGerwQ=="
    }
  }
}
