{
  "name": "@middy/event-normalizer",
  "version": "4.4.2",
  "lockfileVersion": 3,
  "requires": true,
  "packages": {
    "": {
      "name": "@middy/event-normalizer",
      "version": "4.4.2",
      "license": "MIT",
      "dependencies": {
        "@middy/util": "4.4.2"
      },
      "devDependencies": {
        "@middy/core": "4.4.2",
        "@serverless/event-mocks": "^1.1.1"
      },
      "engines": {
        "node": ">=16"
      },
      "funding": {
        "type": "github",
        "url": "https://github.com/sponsors/willfarrell"
      }
    },
    "node_modules/@middy/core": {
      "version": "4.4.1",
      "resolved": "https://registry.npmjs.org/@middy/core/-/core-4.4.1.tgz",
      "integrity": "sha512-gu72TmENo8IB4b/OThomYnr2Pp21626ipRuMbRq7F18FJPdPTtdecIgF36F1HuzYGUhYIBL64/t7NAzPoEJsrA==",
      "dev": true,
      "engines": {
        "node": ">=16"
      },
      "funding": {
        "type": "github",
        "url": "https://github.com/sponsors/willfarrell"
      }
    },
    "node_modules/@middy/util": {
      "version": "4.4.1",
      "resolved": "https://registry.npmjs.org/@middy/util/-/util-4.4.1.tgz",
      "integrity": "sha512-MFft2JJJ/j0ajjVB8jICAKd7pCZN4wq8JCSX07ztXr2ln6qBi8ag06cc9BMFkvNLGf7+B6I8ufxWebXWqXwNbw==",
      "engines": {
        "node": ">=16"
      },
      "funding": {
        "type": "github",
        "url": "https://github.com/sponsors/willfarrell"
      }
    },
    "node_modules/@serverless/event-mocks": {
      "version": "1.1.1",
      "resolved": "https://registry.npmjs.org/@serverless/event-mocks/-/event-mocks-1.1.1.tgz",
      "integrity": "sha512-YAV5V/y+XIOfd+HEVeXfPWZb8C6QLruFk9tBivoX2roQLWVq145s4uxf8D0QioCueuRzkukHUS4JIj+KVoS34A==",
      "dev": true,
      "dependencies": {
        "@types/lodash": "^4.14.123",
        "lodash": "^4.17.11"
      }
    },
    "node_modules/@types/lodash": {
      "version": "4.14.194",
      "resolved": "https://registry.npmjs.org/@types/lodash/-/lodash-4.14.194.tgz",
      "integrity": "sha512-r22s9tAS7imvBt2lyHC9B8AGwWnXaYb1tY09oyLkXDs4vArpYJzw09nj8MLx5VfciBPGIb+ZwG0ssYnEPJxn/g==",
      "dev": true
    },
    "node_modules/lodash": {
      "version": "4.17.21",
      "resolved": "https://registry.npmjs.org/lodash/-/lodash-4.17.21.tgz",
      "integrity": "sha512-v2kDEe57lecTulaDIuNTPy3Ry4gLGJ6Z1O3vE1krgXZNrsQ+LFTGHVxVjcXPs17LhbZVGedAJv8XZ1tvj5FvSg==",
      "dev": true
    }
  }
}
