{
  "name": "@middy/event-normalizer",
  "version": "3.6.0",
  "lockfileVersion": 2,
  "requires": true,
  "packages": {
    "": {
      "name": "@middy/event-normalizer",
      "version": "3.6.0",
      "license": "MIT",
      "dependencies": {
        "@middy/util": "3.6.0"
      },
      "devDependencies": {
        "@middy/core": "3.6.0",
        "@serverless/event-mocks": "^1.1.1"
      },
      "engines": {
        "node": ">=16"
      }
    },
    "node_modules/@middy/core": {
      "version": "3.6.0",
      "resolved": "https://registry.npmjs.org/@middy/core/-/core-3.6.0.tgz",
      "integrity": "sha512-l3VyDBVqazLuQ8/ABEYwc1Y6EQwPvY8nYbBKToJz4IfSTIwmeEIzAFh9YhpuwHxH7qKhmw6AQh4nOidsx80yCA==",
      "dev": true,
      "engines": {
        "node": ">=14"
      }
    },
    "node_modules/@middy/util": {
      "version": "3.6.0",
      "resolved": "https://registry.npmjs.org/@middy/util/-/util-3.6.0.tgz",
      "integrity": "sha512-FlNHN4Yr+1Tv560GZd/I/pmBdhd1z68N4ktHpoMXrynLe/eA4MrrG4NZkQUR4M4F2hd0vXfMxctCaYtffbHZwQ==",
      "engines": {
        "node": ">=14"
      }
    },
    "node_modules/@serverless/event-mocks": {
      "version": "1.1.1",
      "resolved": "https://registry.npmjs.org/@serverless/event-mocks/-/event-mocks-1.1.1.tgz",
      "integrity": "sha512-YAV5V/y+XIOfd+HEVeXfPWZb8C6QLruFk9tBivoX2roQLWVq145s4uxf8D0QioCueuRzkukHUS4JIj+KVoS34A==",
      "dev": true,
      "dependencies": {
        "@types/lodash": "^4.14.123",
        "lodash": "^4.17.11"
      }
    },
    "node_modules/@types/lodash": {
      "version": "4.14.186",
      "resolved": "https://registry.npmjs.org/@types/lodash/-/lodash-4.14.186.tgz",
      "integrity": "sha512-eHcVlLXP0c2FlMPm56ITode2AgLMSa6aJ05JTTbYbI+7EMkCEE5qk2E41d5g2lCVTqRe0GnnRFurmlCsDODrPw==",
      "dev": true
    },
    "node_modules/lodash": {
      "version": "4.17.21",
      "resolved": "https://registry.npmjs.org/lodash/-/lodash-4.17.21.tgz",
      "integrity": "sha512-v2kDEe57lecTulaDIuNTPy3Ry4gLGJ6Z1O3vE1krgXZNrsQ+LFTGHVxVjcXPs17LhbZVGedAJv8XZ1tvj5FvSg==",
      "dev": true
    }
  },
  "dependencies": {
    "@middy/core": {
      "version": "3.6.0",
      "resolved": "https://registry.npmjs.org/@middy/core/-/core-3.6.0.tgz",
      "integrity": "sha512-l3VyDBVqazLuQ8/ABEYwc1Y6EQwPvY8nYbBKToJz4IfSTIwmeEIzAFh9YhpuwHxH7qKhmw6AQh4nOidsx80yCA==",
      "dev": true
    },
    "@middy/util": {
      "version": "3.6.0",
      "resolved": "https://registry.npmjs.org/@middy/util/-/util-3.6.0.tgz",
      "integrity": "sha512-FlNHN4Yr+1Tv560GZd/I/pmBdhd1z68N4ktHpoMXrynLe/eA4MrrG4NZkQUR4M4F2hd0vXfMxctCaYtffbHZwQ=="
    },
    "@serverless/event-mocks": {
      "version": "1.1.1",
      "resolved": "https://registry.npmjs.org/@serverless/event-mocks/-/event-mocks-1.1.1.tgz",
      "integrity": "sha512-YAV5V/y+XIOfd+HEVeXfPWZb8C6QLruFk9tBivoX2roQLWVq145s4uxf8D0QioCueuRzkukHUS4JIj+KVoS34A==",
      "dev": true,
      "requires": {
        "@types/lodash": "^4.14.123",
        "lodash": "^4.17.11"
      }
    },
    "@types/lodash": {
      "version": "4.14.186",
      "resolved": "https://registry.npmjs.org/@types/lodash/-/lodash-4.14.186.tgz",
      "integrity": "sha512-eHcVlLXP0c2FlMPm56ITode2AgLMSa6aJ05JTTbYbI+7EMkCEE5qk2E41d5g2lCVTqRe0GnnRFurmlCsDODrPw==",
      "dev": true
    },
    "lodash": {
      "version": "4.17.21",
      "resolved": "https://registry.npmjs.org/lodash/-/lodash-4.17.21.tgz",
      "integrity": "sha512-v2kDEe57lecTulaDIuNTPy3Ry4gLGJ6Z1O3vE1krgXZNrsQ+LFTGHVxVjcXPs17LhbZVGedAJv8XZ1tvj5FvSg==",
      "dev": true
    }
  }
}
