{
  "name": "@middy/sqs-partial-batch-failure",
  "version": "5.0.0-alpha.0",
  "lockfileVersion": 3,
  "requires": true,
  "packages": {
    "": {
      "name": "@middy/sqs-partial-batch-failure",
      "version": "5.0.0-alpha.0",
      "license": "MIT",
      "devDependencies": {
        "@aws-sdk/client-sqs": "^3.0.0",
        "@middy/core": "5.0.0-alpha.0",
        "@serverless/event-mocks": "^1.1.1"
      },
      "engines": {
        "node": ">=18"
      },
      "funding": {
        "type": "github",
        "url": "https://github.com/sponsors/willfarrell"
      }
    },
    "node_modules/@aws-crypto/crc32": {
      "version": "3.0.0",
      "resolved": "https://registry.npmjs.org/@aws-crypto/crc32/-/crc32-3.0.0.tgz",
      "integrity": "sha512-IzSgsrxUcsrejQbPVilIKy16kAT52EwB6zSaI+M3xxIhKh5+aldEyvI+z6erM7TCLB2BJsFrtHjp6/4/sr+3dA==",
      "dev": true,
      "dependencies": {
        "@aws-crypto/util": "^3.0.0",
        "@aws-sdk/types": "^3.222.0",
        "tslib": "^1.11.1"
      }
    },
    "node_modules/@aws-crypto/crc32/node_modules/tslib": {
      "version": "1.14.1",
      "resolved": "https://registry.npmjs.org/tslib/-/tslib-1.14.1.tgz",
      "integrity": "sha512-Xni35NKzjgMrwevysHTCArtLDpPvye8zV/0E4EyYn43P7/7qvQwPh9BGkHewbMulVntbigmcT7rdX3BNo9wRJg==",
      "dev": true
    },
    "node_modules/@aws-crypto/ie11-detection": {
      "version": "3.0.0",
      "resolved": "https://registry.npmjs.org/@aws-crypto/ie11-detection/-/ie11-detection-3.0.0.tgz",
      "integrity": "sha512-341lBBkiY1DfDNKai/wXM3aujNBkXR7tq1URPQDL9wi3AUbI80NR74uF1TXHMm7po1AcnFk8iu2S2IeU/+/A+Q==",
      "dev": true,
      "dependencies": {
        "tslib": "^1.11.1"
      }
    },
    "node_modules/@aws-crypto/ie11-detection/node_modules/tslib": {
      "version": "1.14.1",
      "resolved": "https://registry.npmjs.org/tslib/-/tslib-1.14.1.tgz",
      "integrity": "sha512-Xni35NKzjgMrwevysHTCArtLDpPvye8zV/0E4EyYn43P7/7qvQwPh9BGkHewbMulVntbigmcT7rdX3BNo9wRJg==",
      "dev": true
    },
    "node_modules/@aws-crypto/sha256-browser": {
      "version": "3.0.0",
      "resolved": "https://registry.npmjs.org/@aws-crypto/sha256-browser/-/sha256-browser-3.0.0.tgz",
      "integrity": "sha512-8VLmW2B+gjFbU5uMeqtQM6Nj0/F1bro80xQXCW6CQBWgosFWXTx77aeOF5CAIAmbOK64SdMBJdNr6J41yP5mvQ==",
      "dev": true,
      "dependencies": {
        "@aws-crypto/ie11-detection": "^3.0.0",
        "@aws-crypto/sha256-js": "^3.0.0",
        "@aws-crypto/supports-web-crypto": "^3.0.0",
        "@aws-crypto/util": "^3.0.0",
        "@aws-sdk/types": "^3.222.0",
        "@aws-sdk/util-locate-window": "^3.0.0",
        "@aws-sdk/util-utf8-browser": "^3.0.0",
        "tslib": "^1.11.1"
      }
    },
    "node_modules/@aws-crypto/sha256-browser/node_modules/tslib": {
      "version": "1.14.1",
      "resolved": "https://registry.npmjs.org/tslib/-/tslib-1.14.1.tgz",
      "integrity": "sha512-Xni35NKzjgMrwevysHTCArtLDpPvye8zV/0E4EyYn43P7/7qvQwPh9BGkHewbMulVntbigmcT7rdX3BNo9wRJg==",
      "dev": true
    },
    "node_modules/@aws-crypto/sha256-js": {
      "version": "3.0.0",
      "resolved": "https://registry.npmjs.org/@aws-crypto/sha256-js/-/sha256-js-3.0.0.tgz",
      "integrity": "sha512-PnNN7os0+yd1XvXAy23CFOmTbMaDxgxXtTKHybrJ39Y8kGzBATgBFibWJKH6BhytLI/Zyszs87xCOBNyBig6vQ==",
      "dev": true,
      "dependencies": {
        "@aws-crypto/util": "^3.0.0",
        "@aws-sdk/types": "^3.222.0",
        "tslib": "^1.11.1"
      }
    },
    "node_modules/@aws-crypto/sha256-js/node_modules/tslib": {
      "version": "1.14.1",
      "resolved": "https://registry.npmjs.org/tslib/-/tslib-1.14.1.tgz",
      "integrity": "sha512-Xni35NKzjgMrwevysHTCArtLDpPvye8zV/0E4EyYn43P7/7qvQwPh9BGkHewbMulVntbigmcT7rdX3BNo9wRJg==",
      "dev": true
    },
    "node_modules/@aws-crypto/supports-web-crypto": {
      "version": "3.0.0",
      "resolved": "https://registry.npmjs.org/@aws-crypto/supports-web-crypto/-/supports-web-crypto-3.0.0.tgz",
      "integrity": "sha512-06hBdMwUAb2WFTuGG73LSC0wfPu93xWwo5vL2et9eymgmu3Id5vFAHBbajVWiGhPO37qcsdCap/FqXvJGJWPIg==",
      "dev": true,
      "dependencies": {
        "tslib": "^1.11.1"
      }
    },
    "node_modules/@aws-crypto/supports-web-crypto/node_modules/tslib": {
      "version": "1.14.1",
      "resolved": "https://registry.npmjs.org/tslib/-/tslib-1.14.1.tgz",
      "integrity": "sha512-Xni35NKzjgMrwevysHTCArtLDpPvye8zV/0E4EyYn43P7/7qvQwPh9BGkHewbMulVntbigmcT7rdX3BNo9wRJg==",
      "dev": true
    },
    "node_modules/@aws-crypto/util": {
      "version": "3.0.0",
      "resolved": "https://registry.npmjs.org/@aws-crypto/util/-/util-3.0.0.tgz",
      "integrity": "sha512-2OJlpeJpCR48CC8r+uKVChzs9Iungj9wkZrl8Z041DWEWvyIHILYKCPNzJghKsivj+S3mLo6BVc7mBNzdxA46w==",
      "dev": true,
      "dependencies": {
        "@aws-sdk/types": "^3.222.0",
        "@aws-sdk/util-utf8-browser": "^3.0.0",
        "tslib": "^1.11.1"
      }
    },
    "node_modules/@aws-crypto/util/node_modules/tslib": {
      "version": "1.14.1",
      "resolved": "https://registry.npmjs.org/tslib/-/tslib-1.14.1.tgz",
      "integrity": "sha512-Xni35NKzjgMrwevysHTCArtLDpPvye8zV/0E4EyYn43P7/7qvQwPh9BGkHewbMulVntbigmcT7rdX3BNo9wRJg==",
      "dev": true
    },
    "node_modules/@aws-sdk/client-sqs": {
      "version": "3.398.0",
      "resolved": "https://registry.npmjs.org/@aws-sdk/client-sqs/-/client-sqs-3.398.0.tgz",
      "integrity": "sha512-y5+QxwQEYbbrHWuJgGL4BnlgfQO/Jp3cLpd0p/idLccAfWia2TKO15rn6sBvMcpC7/nTPjtii3jPeUn6HkAGHQ==",
      "dev": true,
      "dependencies": {
        "@aws-crypto/sha256-browser": "3.0.0",
        "@aws-crypto/sha256-js": "3.0.0",
        "@aws-sdk/client-sts": "3.398.0",
        "@aws-sdk/credential-provider-node": "3.398.0",
        "@aws-sdk/middleware-host-header": "3.398.0",
        "@aws-sdk/middleware-logger": "3.398.0",
        "@aws-sdk/middleware-recursion-detection": "3.398.0",
        "@aws-sdk/middleware-sdk-sqs": "3.398.0",
        "@aws-sdk/middleware-signing": "3.398.0",
        "@aws-sdk/middleware-user-agent": "3.398.0",
        "@aws-sdk/types": "3.398.0",
        "@aws-sdk/util-endpoints": "3.398.0",
        "@aws-sdk/util-user-agent-browser": "3.398.0",
        "@aws-sdk/util-user-agent-node": "3.398.0",
        "@smithy/config-resolver": "^2.0.5",
        "@smithy/fetch-http-handler": "^2.0.5",
        "@smithy/hash-node": "^2.0.5",
        "@smithy/invalid-dependency": "^2.0.5",
        "@smithy/md5-js": "^2.0.5",
        "@smithy/middleware-content-length": "^2.0.5",
        "@smithy/middleware-endpoint": "^2.0.5",
        "@smithy/middleware-retry": "^2.0.5",
        "@smithy/middleware-serde": "^2.0.5",
        "@smithy/middleware-stack": "^2.0.0",
        "@smithy/node-config-provider": "^2.0.5",
        "@smithy/node-http-handler": "^2.0.5",
        "@smithy/protocol-http": "^2.0.5",
        "@smithy/smithy-client": "^2.0.5",
        "@smithy/types": "^2.2.2",
        "@smithy/url-parser": "^2.0.5",
        "@smithy/util-base64": "^2.0.0",
        "@smithy/util-body-length-browser": "^2.0.0",
        "@smithy/util-body-length-node": "^2.1.0",
        "@smithy/util-defaults-mode-browser": "^2.0.5",
        "@smithy/util-defaults-mode-node": "^2.0.5",
        "@smithy/util-retry": "^2.0.0",
        "@smithy/util-utf8": "^2.0.0",
        "fast-xml-parser": "4.2.5",
        "tslib": "^2.5.0"
      },
      "engines": {
        "node": ">=14.0.0"
      }
    },
    "node_modules/@aws-sdk/client-sso": {
      "version": "3.398.0",
      "resolved": "https://registry.npmjs.org/@aws-sdk/client-sso/-/client-sso-3.398.0.tgz",
      "integrity": "sha512-CygL0jhfibw4kmWXG/3sfZMFNjcXo66XUuPC4BqZBk8Rj5vFoxp1vZeMkDLzTIk97Nvo5J5Bh+QnXKhub6AckQ==",
      "dev": true,
      "dependencies": {
        "@aws-crypto/sha256-browser": "3.0.0",
        "@aws-crypto/sha256-js": "3.0.0",
        "@aws-sdk/middleware-host-header": "3.398.0",
        "@aws-sdk/middleware-logger": "3.398.0",
        "@aws-sdk/middleware-recursion-detection": "3.398.0",
        "@aws-sdk/middleware-user-agent": "3.398.0",
        "@aws-sdk/types": "3.398.0",
        "@aws-sdk/util-endpoints": "3.398.0",
        "@aws-sdk/util-user-agent-browser": "3.398.0",
        "@aws-sdk/util-user-agent-node": "3.398.0",
        "@smithy/config-resolver": "^2.0.5",
        "@smithy/fetch-http-handler": "^2.0.5",
        "@smithy/hash-node": "^2.0.5",
        "@smithy/invalid-dependency": "^2.0.5",
        "@smithy/middleware-content-length": "^2.0.5",
        "@smithy/middleware-endpoint": "^2.0.5",
        "@smithy/middleware-retry": "^2.0.5",
        "@smithy/middleware-serde": "^2.0.5",
        "@smithy/middleware-stack": "^2.0.0",
        "@smithy/node-config-provider": "^2.0.5",
        "@smithy/node-http-handler": "^2.0.5",
        "@smithy/protocol-http": "^2.0.5",
        "@smithy/smithy-client": "^2.0.5",
        "@smithy/types": "^2.2.2",
        "@smithy/url-parser": "^2.0.5",
        "@smithy/util-base64": "^2.0.0",
        "@smithy/util-body-length-browser": "^2.0.0",
        "@smithy/util-body-length-node": "^2.1.0",
        "@smithy/util-defaults-mode-browser": "^2.0.5",
        "@smithy/util-defaults-mode-node": "^2.0.5",
        "@smithy/util-retry": "^2.0.0",
        "@smithy/util-utf8": "^2.0.0",
        "tslib": "^2.5.0"
      },
      "engines": {
        "node": ">=14.0.0"
      }
    },
    "node_modules/@aws-sdk/client-sts": {
      "version": "3.398.0",
      "resolved": "https://registry.npmjs.org/@aws-sdk/client-sts/-/client-sts-3.398.0.tgz",
      "integrity": "sha512-/3Pa9wLMvBZipKraq3AtbmTfXW6q9kyvhwOno64f1Fz7kFb8ijQFMGoATS70B2pGEZTlxkUqJFWDiisT6Q6dFg==",
      "dev": true,
      "dependencies": {
        "@aws-crypto/sha256-browser": "3.0.0",
        "@aws-crypto/sha256-js": "3.0.0",
        "@aws-sdk/credential-provider-node": "3.398.0",
        "@aws-sdk/middleware-host-header": "3.398.0",
        "@aws-sdk/middleware-logger": "3.398.0",
        "@aws-sdk/middleware-recursion-detection": "3.398.0",
        "@aws-sdk/middleware-sdk-sts": "3.398.0",
        "@aws-sdk/middleware-signing": "3.398.0",
        "@aws-sdk/middleware-user-agent": "3.398.0",
        "@aws-sdk/types": "3.398.0",
        "@aws-sdk/util-endpoints": "3.398.0",
        "@aws-sdk/util-user-agent-browser": "3.398.0",
        "@aws-sdk/util-user-agent-node": "3.398.0",
        "@smithy/config-resolver": "^2.0.5",
        "@smithy/fetch-http-handler": "^2.0.5",
        "@smithy/hash-node": "^2.0.5",
        "@smithy/invalid-dependency": "^2.0.5",
        "@smithy/middleware-content-length": "^2.0.5",
        "@smithy/middleware-endpoint": "^2.0.5",
        "@smithy/middleware-retry": "^2.0.5",
        "@smithy/middleware-serde": "^2.0.5",
        "@smithy/middleware-stack": "^2.0.0",
        "@smithy/node-config-provider": "^2.0.5",
        "@smithy/node-http-handler": "^2.0.5",
        "@smithy/protocol-http": "^2.0.5",
        "@smithy/smithy-client": "^2.0.5",
        "@smithy/types": "^2.2.2",
        "@smithy/url-parser": "^2.0.5",
        "@smithy/util-base64": "^2.0.0",
        "@smithy/util-body-length-browser": "^2.0.0",
        "@smithy/util-body-length-node": "^2.1.0",
        "@smithy/util-defaults-mode-browser": "^2.0.5",
        "@smithy/util-defaults-mode-node": "^2.0.5",
        "@smithy/util-retry": "^2.0.0",
        "@smithy/util-utf8": "^2.0.0",
        "fast-xml-parser": "4.2.5",
        "tslib": "^2.5.0"
      },
      "engines": {
        "node": ">=14.0.0"
      }
    },
    "node_modules/@aws-sdk/credential-provider-env": {
      "version": "3.398.0",
      "resolved": "https://registry.npmjs.org/@aws-sdk/credential-provider-env/-/credential-provider-env-3.398.0.tgz",
      "integrity": "sha512-Z8Yj5z7FroAsR6UVML+XUdlpoqEe9Dnle8c2h8/xWwIC2feTfIBhjLhRVxfbpbM1pLgBSNEcZ7U8fwq5l7ESVQ==",
      "dev": true,
      "dependencies": {
        "@aws-sdk/types": "3.398.0",
        "@smithy/property-provider": "^2.0.0",
        "@smithy/types": "^2.2.2",
        "tslib": "^2.5.0"
      },
      "engines": {
        "node": ">=14.0.0"
      }
    },
    "node_modules/@aws-sdk/credential-provider-ini": {
      "version": "3.398.0",
      "resolved": "https://registry.npmjs.org/@aws-sdk/credential-provider-ini/-/credential-provider-ini-3.398.0.tgz",
      "integrity": "sha512-AsK1lStK3nB9Cn6S6ODb1ktGh7SRejsNVQVKX3t5d3tgOaX+aX1Iwy8FzM/ZEN8uCloeRifUGIY9uQFygg5mSw==",
      "dev": true,
      "dependencies": {
        "@aws-sdk/credential-provider-env": "3.398.0",
        "@aws-sdk/credential-provider-process": "3.398.0",
        "@aws-sdk/credential-provider-sso": "3.398.0",
        "@aws-sdk/credential-provider-web-identity": "3.398.0",
        "@aws-sdk/types": "3.398.0",
        "@smithy/credential-provider-imds": "^2.0.0",
        "@smithy/property-provider": "^2.0.0",
        "@smithy/shared-ini-file-loader": "^2.0.0",
        "@smithy/types": "^2.2.2",
        "tslib": "^2.5.0"
      },
      "engines": {
        "node": ">=14.0.0"
      }
    },
    "node_modules/@aws-sdk/credential-provider-node": {
      "version": "3.398.0",
      "resolved": "https://registry.npmjs.org/@aws-sdk/credential-provider-node/-/credential-provider-node-3.398.0.tgz",
      "integrity": "sha512-odmI/DSKfuWUYeDnGTCEHBbC8/MwnF6yEq874zl6+owoVv0ZsYP8qBHfiJkYqrwg7wQ7Pi40sSAPC1rhesGwzg==",
      "dev": true,
      "dependencies": {
        "@aws-sdk/credential-provider-env": "3.398.0",
        "@aws-sdk/credential-provider-ini": "3.398.0",
        "@aws-sdk/credential-provider-process": "3.398.0",
        "@aws-sdk/credential-provider-sso": "3.398.0",
        "@aws-sdk/credential-provider-web-identity": "3.398.0",
        "@aws-sdk/types": "3.398.0",
        "@smithy/credential-provider-imds": "^2.0.0",
        "@smithy/property-provider": "^2.0.0",
        "@smithy/shared-ini-file-loader": "^2.0.0",
        "@smithy/types": "^2.2.2",
        "tslib": "^2.5.0"
      },
      "engines": {
        "node": ">=14.0.0"
      }
    },
    "node_modules/@aws-sdk/credential-provider-process": {
      "version": "3.398.0",
      "resolved": "https://registry.npmjs.org/@aws-sdk/credential-provider-process/-/credential-provider-process-3.398.0.tgz",
      "integrity": "sha512-WrkBL1W7TXN508PA9wRXPFtzmGpVSW98gDaHEaa8GolAPHMPa5t2QcC/z/cFpglzrcVv8SA277zu9Z8tELdZhg==",
      "dev": true,
      "dependencies": {
        "@aws-sdk/types": "3.398.0",
        "@smithy/property-provider": "^2.0.0",
        "@smithy/shared-ini-file-loader": "^2.0.0",
        "@smithy/types": "^2.2.2",
        "tslib": "^2.5.0"
      },
      "engines": {
        "node": ">=14.0.0"
      }
    },
    "node_modules/@aws-sdk/credential-provider-sso": {
      "version": "3.398.0",
      "resolved": "https://registry.npmjs.org/@aws-sdk/credential-provider-sso/-/credential-provider-sso-3.398.0.tgz",
      "integrity": "sha512-2Dl35587xbnzR/GGZqA2MnFs8+kS4wbHQO9BioU0okA+8NRueohNMdrdQmQDdSNK4BfIpFspiZmFkXFNyEAfgw==",
      "dev": true,
      "dependencies": {
        "@aws-sdk/client-sso": "3.398.0",
        "@aws-sdk/token-providers": "3.398.0",
        "@aws-sdk/types": "3.398.0",
        "@smithy/property-provider": "^2.0.0",
        "@smithy/shared-ini-file-loader": "^2.0.0",
        "@smithy/types": "^2.2.2",
        "tslib": "^2.5.0"
      },
      "engines": {
        "node": ">=14.0.0"
      }
    },
    "node_modules/@aws-sdk/credential-provider-web-identity": {
      "version": "3.398.0",
      "resolved": "https://registry.npmjs.org/@aws-sdk/credential-provider-web-identity/-/credential-provider-web-identity-3.398.0.tgz",
      "integrity": "sha512-iG3905Alv9pINbQ8/MIsshgqYMbWx+NDQWpxbIW3W0MkSH3iAqdVpSCteYidYX9G/jv2Um1nW3y360ib20bvNg==",
      "dev": true,
      "dependencies": {
        "@aws-sdk/types": "3.398.0",
        "@smithy/property-provider": "^2.0.0",
        "@smithy/types": "^2.2.2",
        "tslib": "^2.5.0"
      },
      "engines": {
        "node": ">=14.0.0"
      }
    },
    "node_modules/@aws-sdk/middleware-host-header": {
      "version": "3.398.0",
      "resolved": "https://registry.npmjs.org/@aws-sdk/middleware-host-header/-/middleware-host-header-3.398.0.tgz",
      "integrity": "sha512-m+5laWdBaxIZK2ko0OwcCHJZJ5V1MgEIt8QVQ3k4/kOkN9ICjevOYmba751pHoTnbOYB7zQd6D2OT3EYEEsUcA==",
      "dev": true,
      "dependencies": {
        "@aws-sdk/types": "3.398.0",
        "@smithy/protocol-http": "^2.0.5",
        "@smithy/types": "^2.2.2",
        "tslib": "^2.5.0"
      },
      "engines": {
        "node": ">=14.0.0"
      }
    },
    "node_modules/@aws-sdk/middleware-logger": {
      "version": "3.398.0",
      "resolved": "https://registry.npmjs.org/@aws-sdk/middleware-logger/-/middleware-logger-3.398.0.tgz",
      "integrity": "sha512-CiJjW+FL12elS6Pn7/UVjVK8HWHhXMfvHZvOwx/Qkpy340sIhkuzOO6fZEruECDTZhl2Wqn81XdJ1ZQ4pRKpCg==",
      "dev": true,
      "dependencies": {
        "@aws-sdk/types": "3.398.0",
        "@smithy/types": "^2.2.2",
        "tslib": "^2.5.0"
      },
      "engines": {
        "node": ">=14.0.0"
      }
    },
    "node_modules/@aws-sdk/middleware-recursion-detection": {
      "version": "3.398.0",
      "resolved": "https://registry.npmjs.org/@aws-sdk/middleware-recursion-detection/-/middleware-recursion-detection-3.398.0.tgz",
      "integrity": "sha512-7QpOqPQAZNXDXv6vsRex4R8dLniL0E/80OPK4PPFsrCh9btEyhN9Begh4i1T+5lL28hmYkztLOkTQ2N5J3hgRQ==",
      "dev": true,
      "dependencies": {
        "@aws-sdk/types": "3.398.0",
        "@smithy/protocol-http": "^2.0.5",
        "@smithy/types": "^2.2.2",
        "tslib": "^2.5.0"
      },
      "engines": {
        "node": ">=14.0.0"
      }
    },
    "node_modules/@aws-sdk/middleware-sdk-sqs": {
      "version": "3.398.0",
      "resolved": "https://registry.npmjs.org/@aws-sdk/middleware-sdk-sqs/-/middleware-sdk-sqs-3.398.0.tgz",
      "integrity": "sha512-O4MuAP14DuGRGFDIX7lWnR30Hx45SWx8p5vhERRMzC8Xjp3UDcLoJecFSv0/yn7KgSCho1Y61tFeyLic94+jzA==",
      "dev": true,
      "dependencies": {
        "@aws-sdk/types": "3.398.0",
        "@smithy/types": "^2.2.2",
        "@smithy/util-hex-encoding": "^2.0.0",
        "@smithy/util-utf8": "^2.0.0",
        "tslib": "^2.5.0"
      },
      "engines": {
        "node": ">=14.0.0"
      }
    },
    "node_modules/@aws-sdk/middleware-sdk-sts": {
      "version": "3.398.0",
      "resolved": "https://registry.npmjs.org/@aws-sdk/middleware-sdk-sts/-/middleware-sdk-sts-3.398.0.tgz",
      "integrity": "sha512-+JH76XHEgfVihkY+GurohOQ5Z83zVN1nYcQzwCFnCDTh4dG4KwhnZKG+WPw6XJECocY0R+H0ivofeALHvVWJtQ==",
      "dev": true,
      "dependencies": {
        "@aws-sdk/middleware-signing": "3.398.0",
        "@aws-sdk/types": "3.398.0",
        "@smithy/types": "^2.2.2",
        "tslib": "^2.5.0"
      },
      "engines": {
        "node": ">=14.0.0"
      }
    },
    "node_modules/@aws-sdk/middleware-signing": {
      "version": "3.398.0",
      "resolved": "https://registry.npmjs.org/@aws-sdk/middleware-signing/-/middleware-signing-3.398.0.tgz",
      "integrity": "sha512-O0KqXAix1TcvZBFt1qoFkHMUNJOSgjJTYS7lFTRKSwgsD27bdW2TM2r9R8DAccWFt5Amjkdt+eOwQMIXPGTm8w==",
      "dev": true,
      "dependencies": {
        "@aws-sdk/types": "3.398.0",
        "@smithy/property-provider": "^2.0.0",
        "@smithy/protocol-http": "^2.0.5",
        "@smithy/signature-v4": "^2.0.0",
        "@smithy/types": "^2.2.2",
        "@smithy/util-middleware": "^2.0.0",
        "tslib": "^2.5.0"
      },
      "engines": {
        "node": ">=14.0.0"
      }
    },
    "node_modules/@aws-sdk/middleware-user-agent": {
      "version": "3.398.0",
      "resolved": "https://registry.npmjs.org/@aws-sdk/middleware-user-agent/-/middleware-user-agent-3.398.0.tgz",
      "integrity": "sha512-nF1jg0L+18b5HvTcYzwyFgfZQQMELJINFqI0mi4yRKaX7T5a3aGp5RVLGGju/6tAGTuFbfBoEhkhU3kkxexPYQ==",
      "dev": true,
      "dependencies": {
        "@aws-sdk/types": "3.398.0",
        "@aws-sdk/util-endpoints": "3.398.0",
        "@smithy/protocol-http": "^2.0.5",
        "@smithy/types": "^2.2.2",
        "tslib": "^2.5.0"
      },
      "engines": {
        "node": ">=14.0.0"
      }
    },
    "node_modules/@aws-sdk/token-providers": {
      "version": "3.398.0",
      "resolved": "https://registry.npmjs.org/@aws-sdk/token-providers/-/token-providers-3.398.0.tgz",
      "integrity": "sha512-nrYgjzavGCKJL/48Vt0EL+OlIc5UZLfNGpgyUW9cv3XZwl+kXV0QB+HH0rHZZLfpbBgZ2RBIJR9uD5ieu/6hpQ==",
      "dev": true,
      "dependencies": {
        "@aws-crypto/sha256-browser": "3.0.0",
        "@aws-crypto/sha256-js": "3.0.0",
        "@aws-sdk/middleware-host-header": "3.398.0",
        "@aws-sdk/middleware-logger": "3.398.0",
        "@aws-sdk/middleware-recursion-detection": "3.398.0",
        "@aws-sdk/middleware-user-agent": "3.398.0",
        "@aws-sdk/types": "3.398.0",
        "@aws-sdk/util-endpoints": "3.398.0",
        "@aws-sdk/util-user-agent-browser": "3.398.0",
        "@aws-sdk/util-user-agent-node": "3.398.0",
        "@smithy/config-resolver": "^2.0.5",
        "@smithy/fetch-http-handler": "^2.0.5",
        "@smithy/hash-node": "^2.0.5",
        "@smithy/invalid-dependency": "^2.0.5",
        "@smithy/middleware-content-length": "^2.0.5",
        "@smithy/middleware-endpoint": "^2.0.5",
        "@smithy/middleware-retry": "^2.0.5",
        "@smithy/middleware-serde": "^2.0.5",
        "@smithy/middleware-stack": "^2.0.0",
        "@smithy/node-config-provider": "^2.0.5",
        "@smithy/node-http-handler": "^2.0.5",
        "@smithy/property-provider": "^2.0.0",
        "@smithy/protocol-http": "^2.0.5",
        "@smithy/shared-ini-file-loader": "^2.0.0",
        "@smithy/smithy-client": "^2.0.5",
        "@smithy/types": "^2.2.2",
        "@smithy/url-parser": "^2.0.5",
        "@smithy/util-base64": "^2.0.0",
        "@smithy/util-body-length-browser": "^2.0.0",
        "@smithy/util-body-length-node": "^2.1.0",
        "@smithy/util-defaults-mode-browser": "^2.0.5",
        "@smithy/util-defaults-mode-node": "^2.0.5",
        "@smithy/util-retry": "^2.0.0",
        "@smithy/util-utf8": "^2.0.0",
        "tslib": "^2.5.0"
      },
      "engines": {
        "node": ">=14.0.0"
      }
    },
    "node_modules/@aws-sdk/types": {
      "version": "3.398.0",
      "resolved": "https://registry.npmjs.org/@aws-sdk/types/-/types-3.398.0.tgz",
      "integrity": "sha512-r44fkS+vsEgKCuEuTV+TIk0t0m5ZlXHNjSDYEUvzLStbbfUFiNus/YG4UCa0wOk9R7VuQI67badsvvPeVPCGDQ==",
      "dev": true,
      "dependencies": {
        "@smithy/types": "^2.2.2",
        "tslib": "^2.5.0"
      },
      "engines": {
        "node": ">=14.0.0"
      }
    },
    "node_modules/@aws-sdk/util-endpoints": {
      "version": "3.398.0",
      "resolved": "https://registry.npmjs.org/@aws-sdk/util-endpoints/-/util-endpoints-3.398.0.tgz",
      "integrity": "sha512-Fy0gLYAei/Rd6BrXG4baspCnWTUSd0NdokU1pZh4KlfEAEN1i8SPPgfiO5hLk7+2inqtCmqxVJlfqbMVe9k4bw==",
      "dev": true,
      "dependencies": {
        "@aws-sdk/types": "3.398.0",
        "tslib": "^2.5.0"
      },
      "engines": {
        "node": ">=14.0.0"
      }
    },
    "node_modules/@aws-sdk/util-locate-window": {
      "version": "3.310.0",
      "resolved": "https://registry.npmjs.org/@aws-sdk/util-locate-window/-/util-locate-window-3.310.0.tgz",
      "integrity": "sha512-qo2t/vBTnoXpjKxlsC2e1gBrRm80M3bId27r0BRB2VniSSe7bL1mmzM+/HFtujm0iAxtPM+aLEflLJlJeDPg0w==",
      "dev": true,
      "dependencies": {
        "tslib": "^2.5.0"
      },
      "engines": {
        "node": ">=14.0.0"
      }
    },
    "node_modules/@aws-sdk/util-user-agent-browser": {
      "version": "3.398.0",
      "resolved": "https://registry.npmjs.org/@aws-sdk/util-user-agent-browser/-/util-user-agent-browser-3.398.0.tgz",
      "integrity": "sha512-A3Tzx1tkDHlBT+IgxmsMCHbV8LM7SwwCozq2ZjJRx0nqw3MCrrcxQFXldHeX/gdUMO+0Oocb7HGSnVODTq+0EA==",
      "dev": true,
      "dependencies": {
        "@aws-sdk/types": "3.398.0",
        "@smithy/types": "^2.2.2",
        "bowser": "^2.11.0",
        "tslib": "^2.5.0"
      }
    },
    "node_modules/@aws-sdk/util-user-agent-node": {
      "version": "3.398.0",
      "resolved": "https://registry.npmjs.org/@aws-sdk/util-user-agent-node/-/util-user-agent-node-3.398.0.tgz",
      "integrity": "sha512-RTVQofdj961ej4//fEkppFf4KXqKGMTCqJYghx3G0C/MYXbg7MGl7LjfNGtJcboRE8pfHHQ/TUWBDA7RIAPPlQ==",
      "dev": true,
      "dependencies": {
        "@aws-sdk/types": "3.398.0",
        "@smithy/node-config-provider": "^2.0.5",
        "@smithy/types": "^2.2.2",
        "tslib": "^2.5.0"
      },
      "engines": {
        "node": ">=14.0.0"
      },
      "peerDependencies": {
        "aws-crt": ">=1.0.0"
      },
      "peerDependenciesMeta": {
        "aws-crt": {
          "optional": true
        }
      }
    },
    "node_modules/@aws-sdk/util-utf8-browser": {
      "version": "3.259.0",
      "resolved": "https://registry.npmjs.org/@aws-sdk/util-utf8-browser/-/util-utf8-browser-3.259.0.tgz",
      "integrity": "sha512-UvFa/vR+e19XookZF8RzFZBrw2EUkQWxiBW0yYQAhvk3C+QVGl0H3ouca8LDBlBfQKXwmW3huo/59H8rwb1wJw==",
      "dev": true,
      "dependencies": {
        "tslib": "^2.3.1"
      }
    },
    "node_modules/@middy/core": {
      "version": "5.0.0-alpha.0",
      "resolved": "https://registry.npmjs.org/@middy/core/-/core-5.0.0-alpha.0.tgz",
      "integrity": "sha512-7nkjoxuQ57vMD5S6IJmVsec6ebeM9JSkk8YQf3LpUUCqMLgbVfyFT9bcXY90vb/UICNuDEnkLyEbi0/bCFYgBg==",
      "dev": true,
      "engines": {
        "node": ">=18"
      },
      "funding": {
        "type": "github",
        "url": "https://github.com/sponsors/willfarrell"
      }
    },
    "node_modules/@serverless/event-mocks": {
      "version": "1.1.1",
      "resolved": "https://registry.npmjs.org/@serverless/event-mocks/-/event-mocks-1.1.1.tgz",
      "integrity": "sha512-YAV5V/y+XIOfd+HEVeXfPWZb8C6QLruFk9tBivoX2roQLWVq145s4uxf8D0QioCueuRzkukHUS4JIj+KVoS34A==",
      "dev": true,
      "dependencies": {
        "@types/lodash": "^4.14.123",
        "lodash": "^4.17.11"
      }
    },
    "node_modules/@smithy/abort-controller": {
      "version": "2.0.5",
      "resolved": "https://registry.npmjs.org/@smithy/abort-controller/-/abort-controller-2.0.5.tgz",
      "integrity": "sha512-byVZ2KWLMPYAZGKjRpniAzLcygJO4ruClZKdJTuB0eCB76ONFTdptBHlviHpAZXknRz7skYWPfcgO9v30A1SyA==",
      "dev": true,
      "dependencies": {
        "@smithy/types": "^2.2.2",
        "tslib": "^2.5.0"
      },
      "engines": {
        "node": ">=14.0.0"
      }
    },
    "node_modules/@smithy/config-resolver": {
      "version": "2.0.5",
      "resolved": "https://registry.npmjs.org/@smithy/config-resolver/-/config-resolver-2.0.5.tgz",
      "integrity": "sha512-n0c2AXz+kjALY2FQr7Zy9zhYigXzboIh1AuUUVCqFBKFtdEvTwnwPXrTDoEehLiRTUHNL+4yzZ3s+D0kKYSLSg==",
      "dev": true,
      "dependencies": {
        "@smithy/types": "^2.2.2",
        "@smithy/util-config-provider": "^2.0.0",
        "@smithy/util-middleware": "^2.0.0",
        "tslib": "^2.5.0"
      },
      "engines": {
        "node": ">=14.0.0"
      }
    },
    "node_modules/@smithy/credential-provider-imds": {
      "version": "2.0.5",
      "resolved": "https://registry.npmjs.org/@smithy/credential-provider-imds/-/credential-provider-imds-2.0.5.tgz",
      "integrity": "sha512-KFcf/e0meFkQNyteJ65f1G19sgUEY1e5zL7hyAEUPz2SEfBmC9B37WyRq87G3MEEsvmAWwCRu7nFFYUKtR3svQ==",
      "dev": true,
      "dependencies": {
        "@smithy/node-config-provider": "^2.0.5",
        "@smithy/property-provider": "^2.0.5",
        "@smithy/types": "^2.2.2",
        "@smithy/url-parser": "^2.0.5",
        "tslib": "^2.5.0"
      },
      "engines": {
        "node": ">=14.0.0"
      }
    },
    "node_modules/@smithy/eventstream-codec": {
      "version": "2.0.5",
      "resolved": "https://registry.npmjs.org/@smithy/eventstream-codec/-/eventstream-codec-2.0.5.tgz",
      "integrity": "sha512-iqR6OuOV3zbQK8uVs9o+9AxhVk8kW9NAxA71nugwUB+kTY9C35pUd0A5/m4PRT0Y0oIW7W4kgnSR3fdYXQjECw==",
      "dev": true,
      "dependencies": {
        "@aws-crypto/crc32": "3.0.0",
        "@smithy/types": "^2.2.2",
        "@smithy/util-hex-encoding": "^2.0.0",
        "tslib": "^2.5.0"
      }
    },
    "node_modules/@smithy/fetch-http-handler": {
      "version": "2.0.5",
      "resolved": "https://registry.npmjs.org/@smithy/fetch-http-handler/-/fetch-http-handler-2.0.5.tgz",
      "integrity": "sha512-EzFoMowdBNy1VqtvkiXgPFEdosIAt4/4bgZ8uiDiUyfhmNXq/3bV+CagPFFBsgFOR/X2XK4zFZHRsoa7PNHVVg==",
      "dev": true,
      "dependencies": {
        "@smithy/protocol-http": "^2.0.5",
        "@smithy/querystring-builder": "^2.0.5",
        "@smithy/types": "^2.2.2",
        "@smithy/util-base64": "^2.0.0",
        "tslib": "^2.5.0"
      }
    },
    "node_modules/@smithy/hash-node": {
      "version": "2.0.5",
      "resolved": "https://registry.npmjs.org/@smithy/hash-node/-/hash-node-2.0.5.tgz",
      "integrity": "sha512-mk551hIywBITT+kXruRNXk7f8Fy7DTzBjZJSr/V6nolYKmUHIG3w5QU6nO9qPYEQGKc/yEPtkpdS28ndeG93lA==",
      "dev": true,
      "dependencies": {
        "@smithy/types": "^2.2.2",
        "@smithy/util-buffer-from": "^2.0.0",
        "@smithy/util-utf8": "^2.0.0",
        "tslib": "^2.5.0"
      },
      "engines": {
        "node": ">=14.0.0"
      }
    },
    "node_modules/@smithy/invalid-dependency": {
      "version": "2.0.5",
      "resolved": "https://registry.npmjs.org/@smithy/invalid-dependency/-/invalid-dependency-2.0.5.tgz",
      "integrity": "sha512-0wEi+JT0hM+UUwrJVYbqjuGFhy5agY/zXyiN7BNAJ1XoCDjU5uaNSj8ekPWsXd/d4yM6NSe8UbPd8cOc1+3oBQ==",
      "dev": true,
      "dependencies": {
        "@smithy/types": "^2.2.2",
        "tslib": "^2.5.0"
      }
    },
    "node_modules/@smithy/is-array-buffer": {
      "version": "2.0.0",
      "resolved": "https://registry.npmjs.org/@smithy/is-array-buffer/-/is-array-buffer-2.0.0.tgz",
      "integrity": "sha512-z3PjFjMyZNI98JFRJi/U0nGoLWMSJlDjAW4QUX2WNZLas5C0CmVV6LJ01JI0k90l7FvpmixjWxPFmENSClQ7ug==",
      "dev": true,
      "dependencies": {
        "tslib": "^2.5.0"
      },
      "engines": {
        "node": ">=14.0.0"
      }
    },
    "node_modules/@smithy/md5-js": {
      "version": "2.0.5",
      "resolved": "https://registry.npmjs.org/@smithy/md5-js/-/md5-js-2.0.5.tgz",
      "integrity": "sha512-k5EOte/Ye2r7XBVaXv2rhiehk6l3T4uRiPF+pnxKEc+G9Fwd1xAXBDZrtOq1syFPBKBmVfNszG4nevngST7NKg==",
      "dev": true,
      "dependencies": {
        "@smithy/types": "^2.2.2",
        "@smithy/util-utf8": "^2.0.0",
        "tslib": "^2.5.0"
      }
    },
    "node_modules/@smithy/middleware-content-length": {
      "version": "2.0.5",
      "resolved": "https://registry.npmjs.org/@smithy/middleware-content-length/-/middleware-content-length-2.0.5.tgz",
      "integrity": "sha512-E7VwV5H02fgZIUGRli4GevBCAPvkyEI/fgl9SU47nPPi3DAAX3nEtUb8xfGbXjOcJ5BdSUoWWZn42tEd/blOqA==",
      "dev": true,
      "dependencies": {
        "@smithy/protocol-http": "^2.0.5",
        "@smithy/types": "^2.2.2",
        "tslib": "^2.5.0"
      },
      "engines": {
        "node": ">=14.0.0"
      }
    },
    "node_modules/@smithy/middleware-endpoint": {
      "version": "2.0.5",
      "resolved": "https://registry.npmjs.org/@smithy/middleware-endpoint/-/middleware-endpoint-2.0.5.tgz",
      "integrity": "sha512-tyzDuoNTbsMQCq5Xkc4QOt6e2GACUllQIV8SQ5fc59FtOIV9/vbf58/GxVjZm2o8+MMbdDBANjTDZe/ijZKfyA==",
      "dev": true,
      "dependencies": {
        "@smithy/middleware-serde": "^2.0.5",
        "@smithy/types": "^2.2.2",
        "@smithy/url-parser": "^2.0.5",
        "@smithy/util-middleware": "^2.0.0",
        "tslib": "^2.5.0"
      },
      "engines": {
        "node": ">=14.0.0"
      }
    },
    "node_modules/@smithy/middleware-retry": {
      "version": "2.0.5",
      "resolved": "https://registry.npmjs.org/@smithy/middleware-retry/-/middleware-retry-2.0.5.tgz",
      "integrity": "sha512-ulIfbFyzQTVnJbLjUl1CTSi0etg6tej/ekwaLp0Gn8ybUkDkKYa+uB6CF/m2J5B6meRwyJlsryR+DjaOVyiicg==",
      "dev": true,
      "dependencies": {
        "@smithy/protocol-http": "^2.0.5",
        "@smithy/service-error-classification": "^2.0.0",
        "@smithy/types": "^2.2.2",
        "@smithy/util-middleware": "^2.0.0",
        "@smithy/util-retry": "^2.0.0",
        "tslib": "^2.5.0",
        "uuid": "^8.3.2"
      },
      "engines": {
        "node": ">=14.0.0"
      }
    },
    "node_modules/@smithy/middleware-serde": {
      "version": "2.0.5",
      "resolved": "https://registry.npmjs.org/@smithy/middleware-serde/-/middleware-serde-2.0.5.tgz",
      "integrity": "sha512-in0AA5sous74dOfTGU9rMJBXJ0bDVNxwdXtEt5lh3FVd2sEyjhI+rqpLLRF1E4ixbw3RSEf80hfRpcPdjg4vvQ==",
      "dev": true,
      "dependencies": {
        "@smithy/types": "^2.2.2",
        "tslib": "^2.5.0"
      },
      "engines": {
        "node": ">=14.0.0"
      }
    },
    "node_modules/@smithy/middleware-stack": {
      "version": "2.0.0",
      "resolved": "https://registry.npmjs.org/@smithy/middleware-stack/-/middleware-stack-2.0.0.tgz",
      "integrity": "sha512-31XC1xNF65nlbc16yuh3wwTudmqs6qy4EseQUGF8A/p2m/5wdd/cnXJqpniy/XvXVwkHPz/GwV36HqzHtIKATQ==",
      "dev": true,
      "dependencies": {
        "tslib": "^2.5.0"
      },
      "engines": {
        "node": ">=14.0.0"
      }
    },
    "node_modules/@smithy/node-config-provider": {
      "version": "2.0.5",
      "resolved": "https://registry.npmjs.org/@smithy/node-config-provider/-/node-config-provider-2.0.5.tgz",
      "integrity": "sha512-LRtjV9WkhONe2lVy+ipB/l1GX60ybzBmFyeRUoLUXWKdnZ3o81jsnbKzMK8hKq8eFSWPk+Lmyx6ZzCQabGeLxg==",
      "dev": true,
      "dependencies": {
        "@smithy/property-provider": "^2.0.5",
        "@smithy/shared-ini-file-loader": "^2.0.5",
        "@smithy/types": "^2.2.2",
        "tslib": "^2.5.0"
      },
      "engines": {
        "node": ">=14.0.0"
      }
    },
    "node_modules/@smithy/node-http-handler": {
      "version": "2.0.5",
      "resolved": "https://registry.npmjs.org/@smithy/node-http-handler/-/node-http-handler-2.0.5.tgz",
      "integrity": "sha512-lZm5DZf4b3V0saUw9WTC4/du887P6cy2fUyQgQQKRRV6OseButyD5yTzeMmXE53CaXJBMBsUvvIQ0hRVxIq56w==",
      "dev": true,
      "dependencies": {
        "@smithy/abort-controller": "^2.0.5",
        "@smithy/protocol-http": "^2.0.5",
        "@smithy/querystring-builder": "^2.0.5",
        "@smithy/types": "^2.2.2",
        "tslib": "^2.5.0"
      },
      "engines": {
        "node": ">=14.0.0"
      }
    },
    "node_modules/@smithy/property-provider": {
      "version": "2.0.5",
      "resolved": "https://registry.npmjs.org/@smithy/property-provider/-/property-provider-2.0.5.tgz",
      "integrity": "sha512-cAFSUhX6aiHcmpWfrCLKvwBtgN1F6A0N8qY/8yeSi0LRLmhGqsY1/YTxFE185MCVzYbqBGXVr9TBv4RUcIV4rA==",
      "dev": true,
      "dependencies": {
        "@smithy/types": "^2.2.2",
        "tslib": "^2.5.0"
      },
      "engines": {
        "node": ">=14.0.0"
      }
    },
    "node_modules/@smithy/protocol-http": {
      "version": "2.0.5",
      "resolved": "https://registry.npmjs.org/@smithy/protocol-http/-/protocol-http-2.0.5.tgz",
      "integrity": "sha512-d2hhHj34mA2V86doiDfrsy2fNTnUOowGaf9hKb0hIPHqvcnShU4/OSc4Uf1FwHkAdYF3cFXTrj5VGUYbEuvMdw==",
      "dev": true,
      "dependencies": {
        "@smithy/types": "^2.2.2",
        "tslib": "^2.5.0"
      },
      "engines": {
        "node": ">=14.0.0"
      }
    },
    "node_modules/@smithy/querystring-builder": {
      "version": "2.0.5",
      "resolved": "https://registry.npmjs.org/@smithy/querystring-builder/-/querystring-builder-2.0.5.tgz",
      "integrity": "sha512-4DCX9krxLzATj+HdFPC3i8pb7XTAWzzKqSw8aTZMjXjtQY+vhe4azMAqIvbb6g7JKwIkmkRAjK6EXO3YWSnJVQ==",
      "dev": true,
      "dependencies": {
        "@smithy/types": "^2.2.2",
        "@smithy/util-uri-escape": "^2.0.0",
        "tslib": "^2.5.0"
      },
      "engines": {
        "node": ">=14.0.0"
      }
    },
    "node_modules/@smithy/querystring-parser": {
      "version": "2.0.5",
      "resolved": "https://registry.npmjs.org/@smithy/querystring-parser/-/querystring-parser-2.0.5.tgz",
      "integrity": "sha512-C2stCULH0r54KBksv3AWcN8CLS3u9+WsEW8nBrvctrJ5rQTNa1waHkffpVaiKvcW2nP0aIMBPCobD/kYf/q9mA==",
      "dev": true,
      "dependencies": {
        "@smithy/types": "^2.2.2",
        "tslib": "^2.5.0"
      },
      "engines": {
        "node": ">=14.0.0"
      }
    },
    "node_modules/@smithy/service-error-classification": {
      "version": "2.0.0",
      "resolved": "https://registry.npmjs.org/@smithy/service-error-classification/-/service-error-classification-2.0.0.tgz",
      "integrity": "sha512-2z5Nafy1O0cTf69wKyNjGW/sNVMiqDnb4jgwfMG8ye8KnFJ5qmJpDccwIbJNhXIfbsxTg9SEec2oe1cexhMJvw==",
      "dev": true,
      "engines": {
        "node": ">=14.0.0"
      }
    },
    "node_modules/@smithy/shared-ini-file-loader": {
      "version": "2.0.5",
      "resolved": "https://registry.npmjs.org/@smithy/shared-ini-file-loader/-/shared-ini-file-loader-2.0.5.tgz",
      "integrity": "sha512-Mvtk6FwMtfbKRC4YuSsIqRYp9WTxsSUJVVo2djgyhcacKGMqicHDWSAmgy3sDrKv+G/G6xTZCPwm6pJARtdxVg==",
      "dev": true,
      "dependencies": {
        "@smithy/types": "^2.2.2",
        "tslib": "^2.5.0"
      },
      "engines": {
        "node": ">=14.0.0"
      }
    },
    "node_modules/@smithy/signature-v4": {
      "version": "2.0.5",
      "resolved": "https://registry.npmjs.org/@smithy/signature-v4/-/signature-v4-2.0.5.tgz",
      "integrity": "sha512-ABIzXmUDXK4n2c9cXjQLELgH2RdtABpYKT+U131e2I6RbCypFZmxIHmIBufJzU2kdMCQ3+thBGDWorAITFW04A==",
      "dev": true,
      "dependencies": {
        "@smithy/eventstream-codec": "^2.0.5",
        "@smithy/is-array-buffer": "^2.0.0",
        "@smithy/types": "^2.2.2",
        "@smithy/util-hex-encoding": "^2.0.0",
        "@smithy/util-middleware": "^2.0.0",
        "@smithy/util-uri-escape": "^2.0.0",
        "@smithy/util-utf8": "^2.0.0",
        "tslib": "^2.5.0"
      },
      "engines": {
        "node": ">=14.0.0"
      }
    },
    "node_modules/@smithy/smithy-client": {
      "version": "2.0.5",
      "resolved": "https://registry.npmjs.org/@smithy/smithy-client/-/smithy-client-2.0.5.tgz",
      "integrity": "sha512-kCTFr8wfOAWKDzGvfBElc6shHigWtHNhMQ1IbosjC4jOlayFyZMSs2PysKB+Ox/dhQ41KqOzgVjgiQ+PyWqHMQ==",
      "dev": true,
      "dependencies": {
        "@smithy/middleware-stack": "^2.0.0",
        "@smithy/types": "^2.2.2",
        "@smithy/util-stream": "^2.0.5",
        "tslib": "^2.5.0"
      },
      "engines": {
        "node": ">=14.0.0"
      }
    },
    "node_modules/@smithy/types": {
      "version": "2.2.2",
      "resolved": "https://registry.npmjs.org/@smithy/types/-/types-2.2.2.tgz",
      "integrity": "sha512-4PS0y1VxDnELGHGgBWlDksB2LJK8TG8lcvlWxIsgR+8vROI7Ms8h1P4FQUx+ftAX2QZv5g1CJCdhdRmQKyonyw==",
      "dev": true,
      "dependencies": {
        "tslib": "^2.5.0"
      },
      "engines": {
        "node": ">=14.0.0"
      }
    },
    "node_modules/@smithy/url-parser": {
      "version": "2.0.5",
      "resolved": "https://registry.npmjs.org/@smithy/url-parser/-/url-parser-2.0.5.tgz",
      "integrity": "sha512-OdMBvZhpckQSkugCXNJQCvqJ71wE7Ftxce92UOQLQ9pwF6hoS5PLL7wEfpnuEXtStzBqJYkzu1C1ZfjuFGOXAA==",
      "dev": true,
      "dependencies": {
        "@smithy/querystring-parser": "^2.0.5",
        "@smithy/types": "^2.2.2",
        "tslib": "^2.5.0"
      }
    },
    "node_modules/@smithy/util-base64": {
      "version": "2.0.0",
      "resolved": "https://registry.npmjs.org/@smithy/util-base64/-/util-base64-2.0.0.tgz",
      "integrity": "sha512-Zb1E4xx+m5Lud8bbeYi5FkcMJMnn+1WUnJF3qD7rAdXpaL7UjkFQLdmW5fHadoKbdHpwH9vSR8EyTJFHJs++tA==",
      "dev": true,
      "dependencies": {
        "@smithy/util-buffer-from": "^2.0.0",
        "tslib": "^2.5.0"
      },
      "engines": {
        "node": ">=14.0.0"
      }
    },
    "node_modules/@smithy/util-body-length-browser": {
      "version": "2.0.0",
      "resolved": "https://registry.npmjs.org/@smithy/util-body-length-browser/-/util-body-length-browser-2.0.0.tgz",
      "integrity": "sha512-JdDuS4ircJt+FDnaQj88TzZY3+njZ6O+D3uakS32f2VNnDo3vyEuNdBOh/oFd8Df1zSZOuH1HEChk2AOYDezZg==",
      "dev": true,
      "dependencies": {
        "tslib": "^2.5.0"
      }
    },
    "node_modules/@smithy/util-body-length-node": {
      "version": "2.1.0",
      "resolved": "https://registry.npmjs.org/@smithy/util-body-length-node/-/util-body-length-node-2.1.0.tgz",
      "integrity": "sha512-/li0/kj/y3fQ3vyzn36NTLGmUwAICb7Jbe/CsWCktW363gh1MOcpEcSO3mJ344Gv2dqz8YJCLQpb6hju/0qOWw==",
      "dev": true,
      "dependencies": {
        "tslib": "^2.5.0"
      },
      "engines": {
        "node": ">=14.0.0"
      }
    },
    "node_modules/@smithy/util-buffer-from": {
      "version": "2.0.0",
      "resolved": "https://registry.npmjs.org/@smithy/util-buffer-from/-/util-buffer-from-2.0.0.tgz",
      "integrity": "sha512-/YNnLoHsR+4W4Vf2wL5lGv0ksg8Bmk3GEGxn2vEQt52AQaPSCuaO5PM5VM7lP1K9qHRKHwrPGktqVoAHKWHxzw==",
      "dev": true,
      "dependencies": {
        "@smithy/is-array-buffer": "^2.0.0",
        "tslib": "^2.5.0"
      },
      "engines": {
        "node": ">=14.0.0"
      }
    },
    "node_modules/@smithy/util-config-provider": {
      "version": "2.0.0",
      "resolved": "https://registry.npmjs.org/@smithy/util-config-provider/-/util-config-provider-2.0.0.tgz",
      "integrity": "sha512-xCQ6UapcIWKxXHEU4Mcs2s7LcFQRiU3XEluM2WcCjjBtQkUN71Tb+ydGmJFPxMUrW/GWMgQEEGipLym4XG0jZg==",
      "dev": true,
      "dependencies": {
        "tslib": "^2.5.0"
      },
      "engines": {
        "node": ">=14.0.0"
      }
    },
    "node_modules/@smithy/util-defaults-mode-browser": {
      "version": "2.0.5",
      "resolved": "https://registry.npmjs.org/@smithy/util-defaults-mode-browser/-/util-defaults-mode-browser-2.0.5.tgz",
      "integrity": "sha512-yciP6TPttLsj731aHTvekgyuCGXQrEAJibEwEWAh3kzaDsfGAVCuZSBlyvC2Dl3TZmHKCOQwHV8mIE7KQCTPuQ==",
      "dev": true,
      "dependencies": {
        "@smithy/property-provider": "^2.0.5",
        "@smithy/types": "^2.2.2",
        "bowser": "^2.11.0",
        "tslib": "^2.5.0"
      },
      "engines": {
        "node": ">= 10.0.0"
      }
    },
    "node_modules/@smithy/util-defaults-mode-node": {
      "version": "2.0.5",
      "resolved": "https://registry.npmjs.org/@smithy/util-defaults-mode-node/-/util-defaults-mode-node-2.0.5.tgz",
      "integrity": "sha512-M07t99rWasXt+IaDZDyP3BkcoEm/mgIE1RIMASrE49LKSNxaVN7PVcgGc77+4uu2kzBAyqJKy79pgtezuknyjQ==",
      "dev": true,
      "dependencies": {
        "@smithy/config-resolver": "^2.0.5",
        "@smithy/credential-provider-imds": "^2.0.5",
        "@smithy/node-config-provider": "^2.0.5",
        "@smithy/property-provider": "^2.0.5",
        "@smithy/types": "^2.2.2",
        "tslib": "^2.5.0"
      },
      "engines": {
        "node": ">= 10.0.0"
      }
    },
    "node_modules/@smithy/util-hex-encoding": {
      "version": "2.0.0",
      "resolved": "https://registry.npmjs.org/@smithy/util-hex-encoding/-/util-hex-encoding-2.0.0.tgz",
      "integrity": "sha512-c5xY+NUnFqG6d7HFh1IFfrm3mGl29lC+vF+geHv4ToiuJCBmIfzx6IeHLg+OgRdPFKDXIw6pvi+p3CsscaMcMA==",
      "dev": true,
      "dependencies": {
        "tslib": "^2.5.0"
      },
      "engines": {
        "node": ">=14.0.0"
      }
    },
    "node_modules/@smithy/util-middleware": {
      "version": "2.0.0",
      "resolved": "https://registry.npmjs.org/@smithy/util-middleware/-/util-middleware-2.0.0.tgz",
      "integrity": "sha512-eCWX4ECuDHn1wuyyDdGdUWnT4OGyIzV0LN1xRttBFMPI9Ff/4heSHVxneyiMtOB//zpXWCha1/SWHJOZstG7kA==",
      "dev": true,
      "dependencies": {
        "tslib": "^2.5.0"
      },
      "engines": {
        "node": ">=14.0.0"
      }
    },
    "node_modules/@smithy/util-retry": {
      "version": "2.0.0",
      "resolved": "https://registry.npmjs.org/@smithy/util-retry/-/util-retry-2.0.0.tgz",
      "integrity": "sha512-/dvJ8afrElasuiiIttRJeoS2sy8YXpksQwiM/TcepqdRVp7u4ejd9C4IQURHNjlfPUT7Y6lCDSa2zQJbdHhVTg==",
      "dev": true,
      "dependencies": {
        "@smithy/service-error-classification": "^2.0.0",
        "tslib": "^2.5.0"
      },
      "engines": {
        "node": ">= 14.0.0"
      }
    },
    "node_modules/@smithy/util-stream": {
      "version": "2.0.5",
      "resolved": "https://registry.npmjs.org/@smithy/util-stream/-/util-stream-2.0.5.tgz",
      "integrity": "sha512-ylx27GwI05xLpYQ4hDIfS15vm+wYjNN0Sc2P0FxuzgRe8v0BOLHppGIQ+Bezcynk8C9nUzsUue3TmtRhjut43g==",
      "dev": true,
      "dependencies": {
        "@smithy/fetch-http-handler": "^2.0.5",
        "@smithy/node-http-handler": "^2.0.5",
        "@smithy/types": "^2.2.2",
        "@smithy/util-base64": "^2.0.0",
        "@smithy/util-buffer-from": "^2.0.0",
        "@smithy/util-hex-encoding": "^2.0.0",
        "@smithy/util-utf8": "^2.0.0",
        "tslib": "^2.5.0"
      },
      "engines": {
        "node": ">=14.0.0"
      }
    },
    "node_modules/@smithy/util-uri-escape": {
      "version": "2.0.0",
      "resolved": "https://registry.npmjs.org/@smithy/util-uri-escape/-/util-uri-escape-2.0.0.tgz",
      "integrity": "sha512-ebkxsqinSdEooQduuk9CbKcI+wheijxEb3utGXkCoYQkJnwTnLbH1JXGimJtUkQwNQbsbuYwG2+aFVyZf5TLaw==",
      "dev": true,
      "dependencies": {
        "tslib": "^2.5.0"
      },
      "engines": {
        "node": ">=14.0.0"
      }
    },
    "node_modules/@smithy/util-utf8": {
      "version": "2.0.0",
      "resolved": "https://registry.npmjs.org/@smithy/util-utf8/-/util-utf8-2.0.0.tgz",
      "integrity": "sha512-rctU1VkziY84n5OXe3bPNpKR001ZCME2JCaBBFgtiM2hfKbHFudc/BkMuPab8hRbLd0j3vbnBTTZ1igBf0wgiQ==",
      "dev": true,
      "dependencies": {
        "@smithy/util-buffer-from": "^2.0.0",
        "tslib": "^2.5.0"
      },
      "engines": {
        "node": ">=14.0.0"
      }
    },
    "node_modules/@types/lodash": {
      "version": "4.14.197",
      "resolved": "https://registry.npmjs.org/@types/lodash/-/lodash-4.14.197.tgz",
      "integrity": "sha512-BMVOiWs0uNxHVlHBgzTIqJYmj+PgCo4euloGF+5m4okL3rEYzM2EEv78mw8zWSMM57dM7kVIgJ2QDvwHSoCI5g==",
      "dev": true
    },
    "node_modules/bowser": {
      "version": "2.11.0",
      "resolved": "https://registry.npmjs.org/bowser/-/bowser-2.11.0.tgz",
      "integrity": "sha512-AlcaJBi/pqqJBIQ8U9Mcpc9i8Aqxn88Skv5d+xBX006BY5u8N3mGLHa5Lgppa7L/HfwgwLgZ6NYs+Ag6uUmJRA==",
      "dev": true
    },
    "node_modules/fast-xml-parser": {
      "version": "4.2.5",
      "resolved": "https://registry.npmjs.org/fast-xml-parser/-/fast-xml-parser-4.2.5.tgz",
      "integrity": "sha512-B9/wizE4WngqQftFPmdaMYlXoJlJOYxGQOanC77fq9k8+Z0v5dDSVh+3glErdIROP//s/jgb7ZuxKfB8nVyo0g==",
      "dev": true,
      "funding": [
        {
          "type": "paypal",
          "url": "https://paypal.me/naturalintelligence"
        },
        {
          "type": "github",
          "url": "https://github.com/sponsors/NaturalIntelligence"
        }
      ],
      "dependencies": {
        "strnum": "^1.0.5"
      },
      "bin": {
        "fxparser": "src/cli/cli.js"
      }
    },
    "node_modules/lodash": {
      "version": "4.17.21",
      "resolved": "https://registry.npmjs.org/lodash/-/lodash-4.17.21.tgz",
      "integrity": "sha512-v2kDEe57lecTulaDIuNTPy3Ry4gLGJ6Z1O3vE1krgXZNrsQ+LFTGHVxVjcXPs17LhbZVGedAJv8XZ1tvj5FvSg==",
      "dev": true
    },
    "node_modules/strnum": {
      "version": "1.0.5",
      "resolved": "https://registry.npmjs.org/strnum/-/strnum-1.0.5.tgz",
      "integrity": "sha512-J8bbNyKKXl5qYcR36TIO8W3mVGVHrmmxsd5PAItGkmyzwJvybiw2IVq5nqd0i4LSNSkB/sx9VHllbfFdr9k1JA==",
      "dev": true
    },
    "node_modules/tslib": {
      "version": "2.6.2",
      "resolved": "https://registry.npmjs.org/tslib/-/tslib-2.6.2.tgz",
      "integrity": "sha512-AEYxH93jGFPn/a2iVAwW87VuUIkR1FVUKB77NwMF7nBTDkDrrT/Hpt/IrCJ0QXhW27jTBDcf5ZY7w6RiqTMw2Q==",
      "dev": true
    },
    "node_modules/uuid": {
      "version": "8.3.2",
      "resolved": "https://registry.npmjs.org/uuid/-/uuid-8.3.2.tgz",
      "integrity": "sha512-+NYs2QeMWy+GWFOEm9xnn6HCDp0l7QBD7ml8zLUmJ+93Q5NF0NocErnwkTkXVFNiX3/fpC6afS8Dhb/gz7R7eg==",
      "dev": true,
      "bin": {
        "uuid": "dist/bin/uuid"
      }
    }
  }
}
