{
  "name": "@middy/http-json-body-parser",
  "version": "4.6.3",
  "lockfileVersion": 3,
  "requires": true,
  "packages": {
    "": {
      "name": "@middy/http-json-body-parser",
      "version": "4.6.3",
      "license": "MIT",
      "dependencies": {
        "@middy/util": "4.6.3"
      },
      "devDependencies": {
        "@middy/core": "4.6.3",
        "@types/aws-lambda": "^8.10.101",
        "type-fest": "^4.0.0"
      },
      "engines": {
        "node": ">=16"
      },
      "funding": {
        "type": "github",
        "url": "https://github.com/sponsors/willfarrell"
      }
    },
    "node_modules/@middy/core": {
      "version": "4.6.2",
      "resolved": "https://registry.npmjs.org/@middy/core/-/core-4.6.2.tgz",
      "integrity": "sha512-pEy2tAvlQfo3hyskZBkgeEi2kjjc7ZQoblcLHKanyfgubf1NPfzW35oHj1jW5GNK4lDpJoV3LAflAMH1NxdX2Q==",
      "dev": true,
      "engines": {
        "node": ">=16"
      },
      "funding": {
        "type": "github",
        "url": "https://github.com/sponsors/willfarrell"
      }
    },
    "node_modules/@middy/util": {
      "version": "4.6.2",
      "resolved": "https://registry.npmjs.org/@middy/util/-/util-4.6.2.tgz",
      "integrity": "sha512-VPxAEGNKJ/Rn1Wa3stElHDajTdyLTsctPdXgr2n8dB6QooT/EvAAzw94IvTzfpXvNKEXAYo+PZBRRLnErwp6Xw==",
      "engines": {
        "node": ">=16"
      },
      "funding": {
        "type": "github",
        "url": "https://github.com/sponsors/willfarrell"
      }
    },
    "node_modules/@types/aws-lambda": {
      "version": "8.10.121",
      "resolved": "https://registry.npmjs.org/@types/aws-lambda/-/aws-lambda-8.10.121.tgz",
      "integrity": "sha512-Y/jsUwO18HuC0a39BuMQkSOd/kMGATh/h5LNksw8FlTafbQ3Ge3578ZoT8w8gSOsWl2qH1p/SS/R61vc0X5jIQ==",
      "dev": true
    },
    "node_modules/type-fest": {
      "version": "4.3.1",
      "resolved": "https://registry.npmjs.org/type-fest/-/type-fest-4.3.1.tgz",
      "integrity": "sha512-pphNW/msgOUSkJbH58x8sqpq8uQj6b0ZKGxEsLKMUnGorRcDjrUaLS+39+/ub41JNTwrrMyJcUB8+YZs3mbwqw==",
      "dev": true,
      "engines": {
        "node": ">=16"
      },
      "funding": {
        "url": "https://github.com/sponsors/sindresorhus"
      }
    }
  }
}
