{
  "name": "@middy/http-header-normalizer",
  "version": "4.4.2",
  "lockfileVersion": 3,
  "requires": true,
  "packages": {
    "": {
      "name": "@middy/http-header-normalizer",
      "version": "4.4.2",
      "license": "MIT",
      "devDependencies": {
        "@middy/core": "4.4.2"
      },
      "engines": {
        "node": ">=16"
      },
      "funding": {
        "type": "github",
        "url": "https://github.com/sponsors/willfarrell"
      }
    },
    "node_modules/@middy/core": {
      "version": "4.4.2",
      "resolved": "https://registry.npmjs.org/@middy/core/-/core-4.4.2.tgz",
      "integrity": "sha512-7UukQpHm0EEkFjmZGnytvEQ53umPfsWz0jVYfxBaLoptAnbDZMC6ZHYoiLeQCZMJHizUEj4IY1Xk67NPQMQ17w==",
      "dev": true,
      "engines": {
        "node": ">=16"
      },
      "funding": {
        "type": "github",
        "url": "https://github.com/sponsors/willfarrell"
      }
    }
  }
}
