{
  "name": "@middy/http-header-normalizer",
  "version": "2.0.0",
  "lockfileVersion": 2,
  "requires": true,
  "packages": {
    "": {
      "name": "@middy/http-header-normalizer",
      "version": "2.0.0-beta.1",
      "license": "MIT",
      "devDependencies": {
        "@middy/core": "^2.0.0-beta.1"
      },
      "engines": {
        "node": ">=12"
      }
    },
    "../core": {
      "name": "@middy/core",
      "version": "2.0.0-beta.1",
      "dev": true,
      "license": "MIT",
      "devDependencies": {
        "@types/aws-lambda": "^8.10.73",
        "@types/node": "^14.14.37"
      },
      "engines": {
        "node": ">=12"
      }
    },
    "../core/node_modules/@types/aws-lambda": {
      "version": "8.10.73",
      "dev": true,
      "license": "MIT"
    },
    "../core/node_modules/@types/node": {
      "version": "14.14.37",
      "dev": true,
      "license": "MIT"
    },
    "node_modules/@middy/core": {
      "resolved": "../core",
      "link": true
    }
  },
  "dependencies": {
    "@middy/core": {
      "version": "file:../core",
      "requires": {
        "@types/aws-lambda": "^8.10.73",
        "@types/node": "^14.14.37"
      },
      "dependencies": {
        "@types/aws-lambda": {
          "version": "8.10.73",
          "dev": true
        },
        "@types/node": {
          "version": "14.14.37",
          "dev": true
        }
      }
    }
  }
}
