{
  "name": "@middy/http-header-normalizer",
  "version": "4.6.4",
  "lockfileVersion": 3,
  "requires": true,
  "packages": {
    "": {
      "name": "@middy/http-header-normalizer",
      "version": "4.6.4",
      "license": "MIT",
      "devDependencies": {
        "@middy/core": "4.6.4"
      },
      "engines": {
        "node": ">=16"
      },
      "funding": {
        "type": "github",
        "url": "https://github.com/sponsors/willfarrell"
      }
    },
    "node_modules/@middy/core": {
      "version": "4.6.3",
      "resolved": "https://registry.npmjs.org/@middy/core/-/core-4.6.3.tgz",
      "integrity": "sha512-FkxgnAOnQjCE4gqpwvUZCvckRPRipFjhqWL7Pctp6g2ykNqscZDN6wwPA84r+xnrNfpbcS1rBtdGm3Wweawx0g==",
      "dev": true,
      "engines": {
        "node": ">=16"
      },
      "funding": {
        "type": "github",
        "url": "https://github.com/sponsors/willfarrell"
      }
    }
  }
}
