{
  "name": "@middy/http-error-handler",
  "version": "4.2.3",
  "lockfileVersion": 3,
  "requires": true,
  "packages": {
    "": {
      "name": "@middy/http-error-handler",
      "version": "4.2.3",
      "license": "MIT",
      "dependencies": {
        "@middy/util": "4.2.3"
      },
      "devDependencies": {
        "@middy/core": "4.2.3",
        "@types/http-errors": "^2.0.0",
        "@types/node": "^18.0.0"
      },
      "engines": {
        "node": ">=16"
      }
    },
    "node_modules/@middy/core": {
      "version": "4.2.3",
      "resolved": "https://registry.npmjs.org/@middy/core/-/core-4.2.3.tgz",
      "integrity": "sha512-29iI0kVMQyZRrs/OdrZ1nO5aKzBc2u3NVhGcwyKmO9jXFZqxfFe3tc+/ihxzFlhPfC1+W+mXICwnG8bR2P5Z8Q==",
      "dev": true,
      "engines": {
        "node": ">=16"
      }
    },
    "node_modules/@middy/util": {
      "version": "4.2.3",
      "resolved": "https://registry.npmjs.org/@middy/util/-/util-4.2.3.tgz",
      "integrity": "sha512-e8ohacFXjv2GeZCBpj8Iz6dl2VbJNsEHgA8GFNikse7KFJh4F8BiyLe72o56d4q3suVBRAKVBBQ65cY98gsaJA==",
      "engines": {
        "node": ">=16"
      }
    },
    "node_modules/@types/http-errors": {
      "version": "2.0.1",
      "resolved": "https://registry.npmjs.org/@types/http-errors/-/http-errors-2.0.1.tgz",
      "integrity": "sha512-/K3ds8TRAfBvi5vfjuz8y6+GiAYBZ0x4tXv1Av6CWBWn0IlADc+ZX9pMq7oU0fNQPnBwIZl3rmeLp6SBApbxSQ==",
      "dev": true
    },
    "node_modules/@types/node": {
      "version": "18.13.0",
      "resolved": "https://registry.npmjs.org/@types/node/-/node-18.13.0.tgz",
      "integrity": "sha512-gC3TazRzGoOnoKAhUx+Q0t8S9Tzs74z7m0ipwGpSqQrleP14hKxP4/JUeEQcD3W1/aIpnWl8pHowI7WokuZpXg==",
      "dev": true
    }
  }
}
