{
  "name": "@middy/ws-router",
  "version": "4.6.2",
  "lockfileVersion": 3,
  "requires": true,
  "packages": {
    "": {
      "name": "@middy/ws-router",
      "version": "4.6.2",
      "license": "MIT",
      "dependencies": {
        "@middy/util": "4.6.2"
      },
      "devDependencies": {
        "@middy/core": "4.6.2",
        "@types/aws-lambda": "^8.10.100"
      },
      "engines": {
        "node": ">=16"
      },
      "funding": {
        "type": "github",
        "url": "https://github.com/sponsors/willfarrell"
      }
    },
    "node_modules/@middy/core": {
      "version": "4.6.1",
      "resolved": "https://registry.npmjs.org/@middy/core/-/core-4.6.1.tgz",
      "integrity": "sha512-3fBaaL2fTX0564pkniDBcTm3S8qOatHVZKDZ8GG3ZrmEJhVkWGkv1e4iWywjtBsLaXzho75uuSUFwdeEbl3x5A==",
      "dev": true,
      "engines": {
        "node": ">=16"
      },
      "funding": {
        "type": "github",
        "url": "https://github.com/sponsors/willfarrell"
      }
    },
    "node_modules/@middy/util": {
      "version": "4.6.1",
      "resolved": "https://registry.npmjs.org/@middy/util/-/util-4.6.1.tgz",
      "integrity": "sha512-EylBSkcSU+vg8dBFUu0x494EXzjG3DrTSzePf5pFHzaGeTh0GliButSQXO4PU4eK1p2XUW2Cx0vCYoTbsNAtYA==",
      "engines": {
        "node": ">=16"
      },
      "funding": {
        "type": "github",
        "url": "https://github.com/sponsors/willfarrell"
      }
    },
    "node_modules/@types/aws-lambda": {
      "version": "8.10.120",
      "resolved": "https://registry.npmjs.org/@types/aws-lambda/-/aws-lambda-8.10.120.tgz",
      "integrity": "sha512-ReLUWj/2EYNx7qs17bkBkgSmr0jB1GGTRyorhHJmq8nqlWxEyWyto1GFsGTGdbLI0cAj1AcbBAA1oZYUQEqZng==",
      "dev": true
    }
  }
}
