{
  "name": "@middy/ws-router",
  "version": "4.0.0-alpha.4",
  "lockfileVersion": 2,
  "requires": true,
  "packages": {
    "": {
      "name": "@middy/ws-router",
      "version": "4.0.0-alpha.4",
      "license": "MIT",
      "dependencies": {
        "@middy/util": "4.0.0-alpha.4"
      },
      "devDependencies": {
        "@middy/core": "4.0.0-alpha.4",
        "@types/aws-lambda": "^8.10.100"
      },
      "engines": {
        "node": ">=16"
      }
    },
    "node_modules/@middy/core": {
      "version": "4.0.0-alpha.3",
      "resolved": "https://registry.npmjs.org/@middy/core/-/core-4.0.0-alpha.3.tgz",
      "integrity": "sha512-7CddDC1MoquIepZCOzuoC+tTyPeAqRMUSNTKpP/eZdt3U2ZcCcAP4YdwxCJY3Z0JIqGQQACnxKX3q8goFeTAwg==",
      "dev": true,
      "engines": {
        "node": ">=16"
      }
    },
    "node_modules/@middy/util": {
      "version": "4.0.0-alpha.3",
      "resolved": "https://registry.npmjs.org/@middy/util/-/util-4.0.0-alpha.3.tgz",
      "integrity": "sha512-1SIHC2MUGHT2qzdA0mpet3bOH5GQrNJ8HGdSf5Fkc4kQmFNG0wkB7xCd280aU1gDMS43MhDqdqSD+mRJC7l0XQ==",
      "engines": {
        "node": ">=16"
      }
    },
    "node_modules/@types/aws-lambda": {
      "version": "8.10.108",
      "resolved": "https://registry.npmjs.org/@types/aws-lambda/-/aws-lambda-8.10.108.tgz",
      "integrity": "sha512-1yh1W1WoqK3lGHy+V/Fi55zobxrDHUUsluCWdMlOXkCvtsCmHPXOG+CQ2STIL4B1g6xi6I6XzxaF8V9+zeIFLA==",
      "dev": true
    }
  },
  "dependencies": {
    "@middy/core": {
      "version": "4.0.0-alpha.3",
      "resolved": "https://registry.npmjs.org/@middy/core/-/core-4.0.0-alpha.3.tgz",
      "integrity": "sha512-7CddDC1MoquIepZCOzuoC+tTyPeAqRMUSNTKpP/eZdt3U2ZcCcAP4YdwxCJY3Z0JIqGQQACnxKX3q8goFeTAwg==",
      "dev": true
    },
    "@middy/util": {
      "version": "4.0.0-alpha.3",
      "resolved": "https://registry.npmjs.org/@middy/util/-/util-4.0.0-alpha.3.tgz",
      "integrity": "sha512-1SIHC2MUGHT2qzdA0mpet3bOH5GQrNJ8HGdSf5Fkc4kQmFNG0wkB7xCd280aU1gDMS43MhDqdqSD+mRJC7l0XQ=="
    },
    "@types/aws-lambda": {
      "version": "8.10.108",
      "resolved": "https://registry.npmjs.org/@types/aws-lambda/-/aws-lambda-8.10.108.tgz",
      "integrity": "sha512-1yh1W1WoqK3lGHy+V/Fi55zobxrDHUUsluCWdMlOXkCvtsCmHPXOG+CQ2STIL4B1g6xi6I6XzxaF8V9+zeIFLA==",
      "dev": true
    }
  }
}
