{
  "name": "@middy/warmup",
  "version": "4.0.7",
  "lockfileVersion": 3,
  "requires": true,
  "packages": {
    "": {
      "name": "@middy/warmup",
      "version": "4.0.7",
      "license": "MIT",
      "devDependencies": {
        "@middy/core": "4.0.7"
      },
      "engines": {
        "node": ">=16"
      }
    },
    "node_modules/@middy/core": {
      "version": "4.0.6",
      "resolved": "https://registry.npmjs.org/@middy/core/-/core-4.0.6.tgz",
      "integrity": "sha512-t/a/veKUmNf/Db/wHGAqlTw/Njo2paGUiZ8nR8BtNP27TAzyf1KIbdO7JdPbuD4M+3gjArLa72+ccj7/KNvGQg==",
      "dev": true,
      "engines": {
        "node": ">=16"
      }
    }
  }
}
