{
  "name": "@middy/warmup",
  "version": "3.0.0",
  "lockfileVersion": 2,
  "requires": true,
  "packages": {
    "": {
      "name": "@middy/warmup",
      "version": "3.0.0-alpha.8",
      "license": "MIT",
      "devDependencies": {
        "@middy/core": "^3.0.0-alpha.8"
      },
      "engines": {
        "node": ">=14"
      }
    },
    "node_modules/@middy/core": {
      "version": "3.0.0-alpha.8",
      "resolved": "https://registry.npmjs.org/@middy/core/-/core-3.0.0-alpha.8.tgz",
      "integrity": "sha512-c4FQjnHdjkFOk1RpSZp4AHGrOdBL/Feiu5RyxYUog1cn4/3seEDgb50B6taZCD2N5wYvu1gr53Rld/Xnid5Kyg==",
      "dev": true,
      "engines": {
        "node": ">=14"
      }
    }
  },
  "dependencies": {
    "@middy/core": {
      "version": "3.0.0-alpha.8",
      "resolved": "https://registry.npmjs.org/@middy/core/-/core-3.0.0-alpha.8.tgz",
      "integrity": "sha512-c4FQjnHdjkFOk1RpSZp4AHGrOdBL/Feiu5RyxYUog1cn4/3seEDgb50B6taZCD2N5wYvu1gr53Rld/Xnid5Kyg==",
      "dev": true
    }
  }
}
