{
  "name": "@middy/warmup",
  "version": "4.0.0-alpha.1",
  "lockfileVersion": 2,
  "requires": true,
  "packages": {
    "": {
      "name": "@middy/warmup",
      "version": "4.0.0-alpha.1",
      "license": "MIT",
      "devDependencies": {
        "@middy/core": "4.0.0-alpha.1"
      },
      "engines": {
        "node": ">=16"
      }
    },
    "node_modules/@middy/core": {
      "version": "4.0.0-alpha.0",
      "resolved": "https://registry.npmjs.org/@middy/core/-/core-4.0.0-alpha.0.tgz",
      "integrity": "sha512-6cEdjK6JfijsfRrM0yGF9/kRzbwO+ndIZivGkX2GkQtwgA9NJn/nVGpuamIz1PjjFLZXPzTSy/QKIHDOt10WQw==",
      "dev": true,
      "engines": {
        "node": ">=16"
      }
    }
  },
  "dependencies": {
    "@middy/core": {
      "version": "4.0.0-alpha.0",
      "resolved": "https://registry.npmjs.org/@middy/core/-/core-4.0.0-alpha.0.tgz",
      "integrity": "sha512-6cEdjK6JfijsfRrM0yGF9/kRzbwO+ndIZivGkX2GkQtwgA9NJn/nVGpuamIz1PjjFLZXPzTSy/QKIHDOt10WQw==",
      "dev": true
    }
  }
}
