{
  "name": "@middy/cloudwatch-metrics",
  "version": "3.0.0-alpha.5",
  "lockfileVersion": 2,
  "requires": true,
  "packages": {
    "": {
      "name": "@middy/cloudwatch-metrics",
      "version": "3.0.0-alpha.4",
      "license": "MIT",
      "dependencies": {
        "aws-embedded-metrics": "2.0.4"
      },
      "devDependencies": {
        "@middy/core": "^3.0.0-alpha.4"
      },
      "engines": {
        "node": ">=14"
      }
    },
    "node_modules/@middy/core": {
      "version": "3.0.0-alpha.5",
      "resolved": "https://registry.npmjs.org/@middy/core/-/core-3.0.0-alpha.5.tgz",
      "integrity": "sha512-qisXvefA+XO+gCBvv//qTXkZU/gk29/+yrvMKM4JAgGKQs82f4/q9l6Ggw7HlhaJHHpEgxf3S4+C7hgkZrslWg==",
      "dev": true,
      "engines": {
        "node": ">=14"
      }
    },
    "node_modules/aws-embedded-metrics": {
      "version": "2.0.4",
      "resolved": "https://registry.npmjs.org/aws-embedded-metrics/-/aws-embedded-metrics-2.0.4.tgz",
      "integrity": "sha512-b4+3BC8e3DE3HdZkmzlozvS8wU45w9M+4eAd2R4Z62N+ihiCuwndEh15Yj/scCKRq/FTO3rfKnzlvUMsuJtzLg==",
      "engines": {
        "node": ">=10.0.0"
      }
    }
  },
  "dependencies": {
    "@middy/core": {
      "version": "3.0.0-alpha.5",
      "resolved": "https://registry.npmjs.org/@middy/core/-/core-3.0.0-alpha.5.tgz",
      "integrity": "sha512-qisXvefA+XO+gCBvv//qTXkZU/gk29/+yrvMKM4JAgGKQs82f4/q9l6Ggw7HlhaJHHpEgxf3S4+C7hgkZrslWg==",
      "dev": true
    },
    "aws-embedded-metrics": {
      "version": "2.0.4",
      "resolved": "https://registry.npmjs.org/aws-embedded-metrics/-/aws-embedded-metrics-2.0.4.tgz",
      "integrity": "sha512-b4+3BC8e3DE3HdZkmzlozvS8wU45w9M+4eAd2R4Z62N+ihiCuwndEh15Yj/scCKRq/FTO3rfKnzlvUMsuJtzLg=="
    }
  }
}
