{
  "name": "@middy/http-content-negotiation",
  "version": "5.0.0-alpha.0",
  "lockfileVersion": 3,
  "requires": true,
  "packages": {
    "": {
      "name": "@middy/http-content-negotiation",
      "version": "5.0.0-alpha.0",
      "license": "MIT",
      "dependencies": {
        "@middy/util": "5.0.0-alpha.0",
        "negotiator": "0.6.3"
      },
      "devDependencies": {
        "@middy/core": "5.0.0-alpha.0"
      },
      "engines": {
        "node": ">=18"
      },
      "funding": {
        "type": "github",
        "url": "https://github.com/sponsors/willfarrell"
      }
    },
    "node_modules/@middy/core": {
      "version": "4.2.8",
      "resolved": "https://registry.npmjs.org/@middy/core/-/core-4.2.8.tgz",
      "integrity": "sha512-cz3nec4THgolPk3iK4JCxzXSJXudm0QlUFNRYl8JpcdY1vYSnlPuDZo6aKEFbh8+A5gBs04cGwMcnH/GTtNX6w==",
      "dev": true,
      "engines": {
        "node": ">=16"
      },
      "funding": {
        "type": "github",
        "url": "https://github.com/sponsors/willfarrell"
      }
    },
    "node_modules/@middy/util": {
      "version": "4.2.8",
      "resolved": "https://registry.npmjs.org/@middy/util/-/util-4.2.8.tgz",
      "integrity": "sha512-gnL4bEWTRpIiPHPgxCNnxYQ6x4IAPWxUklEwN7VPnUKyzG10P3Nt0QVfbHZeEtA/SxBC9jwK8h/zaOvN0kvyCA==",
      "engines": {
        "node": ">=16"
      },
      "funding": {
        "type": "github",
        "url": "https://github.com/sponsors/willfarrell"
      }
    },
    "node_modules/negotiator": {
      "version": "0.6.3",
      "resolved": "https://registry.npmjs.org/negotiator/-/negotiator-0.6.3.tgz",
      "integrity": "sha512-+EUsqGPLsM+j/zdChZjsnX51g4XrHFOIXwfnCVPGlQk/k5giakcKsuxCObBRu6DSm9opw/O6slWbJdghQM4bBg==",
      "engines": {
        "node": ">= 0.6"
      }
    }
  }
}
