{
  "name": "@middy/http-content-negotiation",
  "version": "3.2.2",
  "lockfileVersion": 2,
  "requires": true,
  "packages": {
    "": {
      "name": "@middy/http-content-negotiation",
      "version": "3.2.2",
      "license": "MIT",
      "dependencies": {
        "@middy/util": "3.2.2",
        "negotiator": "0.6.3"
      },
      "devDependencies": {
        "@middy/core": "3.2.2"
      },
      "engines": {
        "node": ">=14"
      }
    },
    "node_modules/@middy/core": {
      "version": "3.2.1",
      "resolved": "https://registry.npmjs.org/@middy/core/-/core-3.2.1.tgz",
      "integrity": "sha512-QYElg97KOknq/ekXJD/wbIcbfj+c35T+kNuHX7QNPlmUNnMGuVj1OrK1cvrI5lBCtPWhALu8V8S7dZyIwOiDZQ==",
      "dev": true,
      "engines": {
        "node": ">=14"
      }
    },
    "node_modules/@middy/util": {
      "version": "3.2.1",
      "resolved": "https://registry.npmjs.org/@middy/util/-/util-3.2.1.tgz",
      "integrity": "sha512-C6Do20fNfLmVY0lK703DBy4iWlvZFjFozkOHRxqUc4CQUzIADfyogvKjS/oXCgYjAHONOS02pqmmILb+LecIDg==",
      "engines": {
        "node": ">=14"
      }
    },
    "node_modules/negotiator": {
      "version": "0.6.3",
      "resolved": "https://registry.npmjs.org/negotiator/-/negotiator-0.6.3.tgz",
      "integrity": "sha512-+EUsqGPLsM+j/zdChZjsnX51g4XrHFOIXwfnCVPGlQk/k5giakcKsuxCObBRu6DSm9opw/O6slWbJdghQM4bBg==",
      "engines": {
        "node": ">= 0.6"
      }
    }
  },
  "dependencies": {
    "@middy/core": {
      "version": "3.2.1",
      "resolved": "https://registry.npmjs.org/@middy/core/-/core-3.2.1.tgz",
      "integrity": "sha512-QYElg97KOknq/ekXJD/wbIcbfj+c35T+kNuHX7QNPlmUNnMGuVj1OrK1cvrI5lBCtPWhALu8V8S7dZyIwOiDZQ==",
      "dev": true
    },
    "@middy/util": {
      "version": "3.2.1",
      "resolved": "https://registry.npmjs.org/@middy/util/-/util-3.2.1.tgz",
      "integrity": "sha512-C6Do20fNfLmVY0lK703DBy4iWlvZFjFozkOHRxqUc4CQUzIADfyogvKjS/oXCgYjAHONOS02pqmmILb+LecIDg=="
    },
    "negotiator": {
      "version": "0.6.3",
      "resolved": "https://registry.npmjs.org/negotiator/-/negotiator-0.6.3.tgz",
      "integrity": "sha512-+EUsqGPLsM+j/zdChZjsnX51g4XrHFOIXwfnCVPGlQk/k5giakcKsuxCObBRu6DSm9opw/O6slWbJdghQM4bBg=="
    }
  }
}
