{
  "name": "@middy/http-content-negotiation",
  "version": "4.2.5",
  "lockfileVersion": 3,
  "requires": true,
  "packages": {
    "": {
      "name": "@middy/http-content-negotiation",
      "version": "4.2.5",
      "license": "MIT",
      "dependencies": {
        "@middy/util": "4.2.5",
        "negotiator": "0.6.3"
      },
      "devDependencies": {
        "@middy/core": "4.2.5"
      },
      "engines": {
        "node": ">=16"
      },
      "funding": {
        "type": "github",
        "url": "https://github.com/sponsors/willfarrell"
      }
    },
    "node_modules/@middy/core": {
      "version": "4.2.5",
      "resolved": "https://registry.npmjs.org/@middy/core/-/core-4.2.5.tgz",
      "integrity": "sha512-h+bT5bP65e8Qorz2yoLQ2BQY5ghQyGwGMtPfXoacxa3XByFgeD5r3U19eFyPWBfZ6GrI85NdlPkYQCGpsdOavQ==",
      "dev": true,
      "engines": {
        "node": ">=16"
      },
      "funding": {
        "type": "github",
        "url": "https://github.com/sponsors/willfarrell"
      }
    },
    "node_modules/@middy/util": {
      "version": "4.2.5",
      "resolved": "https://registry.npmjs.org/@middy/util/-/util-4.2.5.tgz",
      "integrity": "sha512-i+Pm+CgNRdNBxU3HxRC3AA4lLbNu2xJQJ5fColbxhtCcWzyS7rYWfCflmC7lD3cwlW2FN+aknnvpboi1iGhBhw==",
      "engines": {
        "node": ">=16"
      },
      "funding": {
        "type": "github",
        "url": "https://github.com/sponsors/willfarrell"
      }
    },
    "node_modules/negotiator": {
      "version": "0.6.3",
      "resolved": "https://registry.npmjs.org/negotiator/-/negotiator-0.6.3.tgz",
      "integrity": "sha512-+EUsqGPLsM+j/zdChZjsnX51g4XrHFOIXwfnCVPGlQk/k5giakcKsuxCObBRu6DSm9opw/O6slWbJdghQM4bBg==",
      "engines": {
        "node": ">= 0.6"
      }
    }
  }
}
