{
  "name": "@middy/do-not-wait-for-empty-event-loop",
  "version": "3.0.0",
  "lockfileVersion": 2,
  "requires": true,
  "packages": {
    "": {
      "name": "@middy/do-not-wait-for-empty-event-loop",
      "version": "3.0.0-alpha.8",
      "license": "MIT",
      "devDependencies": {
        "@middy/core": "^3.0.0-alpha.8",
        "@types/aws-lambda": "^8.10.76"
      },
      "engines": {
        "node": ">=14"
      }
    },
    "node_modules/@middy/core": {
      "version": "3.0.0-alpha.8",
      "resolved": "https://registry.npmjs.org/@middy/core/-/core-3.0.0-alpha.8.tgz",
      "integrity": "sha512-c4FQjnHdjkFOk1RpSZp4AHGrOdBL/Feiu5RyxYUog1cn4/3seEDgb50B6taZCD2N5wYvu1gr53Rld/Xnid5Kyg==",
      "dev": true,
      "engines": {
        "node": ">=14"
      }
    },
    "node_modules/@types/aws-lambda": {
      "version": "8.10.97",
      "resolved": "https://registry.npmjs.org/@types/aws-lambda/-/aws-lambda-8.10.97.tgz",
      "integrity": "sha512-BZk3qO4R2KN8Ts3eR6CW1n8LI46UOgv1KoDZjo8J9vOQvDeX/rsrv1H0BpEAMcSqZ1mLwTEyAMtlua5tlSn0kw==",
      "dev": true
    }
  },
  "dependencies": {
    "@middy/core": {
      "version": "3.0.0-alpha.8",
      "resolved": "https://registry.npmjs.org/@middy/core/-/core-3.0.0-alpha.8.tgz",
      "integrity": "sha512-c4FQjnHdjkFOk1RpSZp4AHGrOdBL/Feiu5RyxYUog1cn4/3seEDgb50B6taZCD2N5wYvu1gr53Rld/Xnid5Kyg==",
      "dev": true
    },
    "@types/aws-lambda": {
      "version": "8.10.97",
      "resolved": "https://registry.npmjs.org/@types/aws-lambda/-/aws-lambda-8.10.97.tgz",
      "integrity": "sha512-BZk3qO4R2KN8Ts3eR6CW1n8LI46UOgv1KoDZjo8J9vOQvDeX/rsrv1H0BpEAMcSqZ1mLwTEyAMtlua5tlSn0kw==",
      "dev": true
    }
  }
}
