{
  "name": "@middy/do-not-wait-for-empty-event-loop",
  "version": "4.0.5",
  "lockfileVersion": 3,
  "requires": true,
  "packages": {
    "": {
      "name": "@middy/do-not-wait-for-empty-event-loop",
      "version": "4.0.5",
      "license": "MIT",
      "devDependencies": {
        "@middy/core": "4.0.5",
        "@types/aws-lambda": "^8.10.76"
      },
      "engines": {
        "node": ">=16"
      }
    },
    "node_modules/@middy/core": {
      "version": "4.0.4",
      "resolved": "https://registry.npmjs.org/@middy/core/-/core-4.0.4.tgz",
      "integrity": "sha512-eaTOk2z+X8B9mvImN857tW1CYWIOoPCU22+8OOKGIuoRHY0Yb0BBck908e83ZBrsRc+ofc+YxOI5GMElm5wqMA==",
      "dev": true,
      "engines": {
        "node": ">=16"
      }
    },
    "node_modules/@types/aws-lambda": {
      "version": "8.10.109",
      "resolved": "https://registry.npmjs.org/@types/aws-lambda/-/aws-lambda-8.10.109.tgz",
      "integrity": "sha512-/ME92FneNyXQzrAfcnQQlW1XkCZGPDlpi2ao1MJwecN+6SbeonKeggU8eybv1DfKli90FAVT1MlIZVXfwVuCyg==",
      "dev": true
    }
  }
}
