{
  "name": "@middy/core",
  "version": "2.5.1",
  "lockfileVersion": 2,
  "requires": true,
  "packages": {
    "": {
      "name": "@middy/core",
      "version": "2.5.0",
      "license": "MIT",
      "devDependencies": {
        "@types/aws-lambda": "^8.10.76",
        "@types/node": "^16.0.0"
      },
      "engines": {
        "node": ">=12"
      }
    },
    "node_modules/@types/aws-lambda": {
      "version": "8.10.81",
      "resolved": "https://registry.npmjs.org/@types/aws-lambda/-/aws-lambda-8.10.81.tgz",
      "integrity": "sha512-C1rFKGVZ8KwqhwBOYlpoybTSRtxu2433ea6JaO3amc6ubEe08yQoFsPa9aU9YqvX7ppeZ25CnCtC4AH9mhtxsQ==",
      "dev": true
    },
    "node_modules/@types/node": {
      "version": "16.4.13",
      "resolved": "https://registry.npmjs.org/@types/node/-/node-16.4.13.tgz",
      "integrity": "sha512-bLL69sKtd25w7p1nvg9pigE4gtKVpGTPojBFLMkGHXuUgap2sLqQt2qUnqmVCDfzGUL0DRNZP+1prIZJbMeAXg==",
      "dev": true
    }
  },
  "dependencies": {
    "@types/aws-lambda": {
      "version": "8.10.81",
      "resolved": "https://registry.npmjs.org/@types/aws-lambda/-/aws-lambda-8.10.81.tgz",
      "integrity": "sha512-C1rFKGVZ8KwqhwBOYlpoybTSRtxu2433ea6JaO3amc6ubEe08yQoFsPa9aU9YqvX7ppeZ25CnCtC4AH9mhtxsQ==",
      "dev": true
    },
    "@types/node": {
      "version": "16.4.13",
      "resolved": "https://registry.npmjs.org/@types/node/-/node-16.4.13.tgz",
      "integrity": "sha512-bLL69sKtd25w7p1nvg9pigE4gtKVpGTPojBFLMkGHXuUgap2sLqQt2qUnqmVCDfzGUL0DRNZP+1prIZJbMeAXg==",
      "dev": true
    }
  }
}
