{
	"name": "@middy/http-partial-response",
	"version": "1.0.0-alpha.27",
	"lockfileVersion": 1,
	"requires": true,
	"dependencies": {
		"json-mask": {
			"version": "0.3.8",
			"resolved": "https://registry.npmjs.org/json-mask/-/json-mask-0.3.8.tgz",
			"integrity": "sha1-LWZBXeFLDovGwVFFVKkL/Kg1aUE="
		}
	}
}
