{
  "name": "@middy/http-partial-response",
  "version": "4.0.0-alpha.4",
  "lockfileVersion": 2,
  "requires": true,
  "packages": {
    "": {
      "name": "@middy/http-partial-response",
      "version": "4.0.0-alpha.4",
      "license": "MIT",
      "dependencies": {
        "@middy/util": "4.0.0-alpha.4",
        "json-mask": "2.0.0"
      },
      "devDependencies": {
        "@middy/core": "4.0.0-alpha.4"
      },
      "engines": {
        "node": ">=16"
      }
    },
    "node_modules/@middy/core": {
      "version": "4.0.0-alpha.3",
      "resolved": "https://registry.npmjs.org/@middy/core/-/core-4.0.0-alpha.3.tgz",
      "integrity": "sha512-7CddDC1MoquIepZCOzuoC+tTyPeAqRMUSNTKpP/eZdt3U2ZcCcAP4YdwxCJY3Z0JIqGQQACnxKX3q8goFeTAwg==",
      "dev": true,
      "engines": {
        "node": ">=16"
      }
    },
    "node_modules/@middy/util": {
      "version": "4.0.0-alpha.3",
      "resolved": "https://registry.npmjs.org/@middy/util/-/util-4.0.0-alpha.3.tgz",
      "integrity": "sha512-1SIHC2MUGHT2qzdA0mpet3bOH5GQrNJ8HGdSf5Fkc4kQmFNG0wkB7xCd280aU1gDMS43MhDqdqSD+mRJC7l0XQ==",
      "engines": {
        "node": ">=16"
      }
    },
    "node_modules/json-mask": {
      "version": "2.0.0",
      "resolved": "https://registry.npmjs.org/json-mask/-/json-mask-2.0.0.tgz",
      "integrity": "sha512-K7Vh8ddLxXTSaYX3DYtuAcv8b7FsaKBXeSHpUamL/3rWZoB2xlP36YTTr/1H/qT44yp8shGP530gvst64oLNbg==",
      "bin": {
        "json-mask": "bin/json-mask.js"
      },
      "engines": {
        "node": ">=14.0.0"
      }
    }
  },
  "dependencies": {
    "@middy/core": {
      "version": "4.0.0-alpha.3",
      "resolved": "https://registry.npmjs.org/@middy/core/-/core-4.0.0-alpha.3.tgz",
      "integrity": "sha512-7CddDC1MoquIepZCOzuoC+tTyPeAqRMUSNTKpP/eZdt3U2ZcCcAP4YdwxCJY3Z0JIqGQQACnxKX3q8goFeTAwg==",
      "dev": true
    },
    "@middy/util": {
      "version": "4.0.0-alpha.3",
      "resolved": "https://registry.npmjs.org/@middy/util/-/util-4.0.0-alpha.3.tgz",
      "integrity": "sha512-1SIHC2MUGHT2qzdA0mpet3bOH5GQrNJ8HGdSf5Fkc4kQmFNG0wkB7xCd280aU1gDMS43MhDqdqSD+mRJC7l0XQ=="
    },
    "json-mask": {
      "version": "2.0.0",
      "resolved": "https://registry.npmjs.org/json-mask/-/json-mask-2.0.0.tgz",
      "integrity": "sha512-K7Vh8ddLxXTSaYX3DYtuAcv8b7FsaKBXeSHpUamL/3rWZoB2xlP36YTTr/1H/qT44yp8shGP530gvst64oLNbg=="
    }
  }
}
