{
  "name": "@middy/http-partial-response",
  "version": "3.0.3",
  "lockfileVersion": 2,
  "requires": true,
  "packages": {
    "": {
      "name": "@middy/http-partial-response",
      "version": "3.0.2",
      "license": "MIT",
      "dependencies": {
        "@middy/util": "3.0.2",
        "json-mask": "2.0.0"
      },
      "devDependencies": {
        "@middy/core": "3.0.2"
      },
      "engines": {
        "node": ">=14"
      }
    },
    "node_modules/@middy/core": {
      "version": "3.0.2",
      "resolved": "https://registry.npmjs.org/@middy/core/-/core-3.0.2.tgz",
      "integrity": "sha512-CI6QNlXiaKrQgz8tBQTtPgQj4gLSdpEN+rOM1cMdpNoW0i1G2grpWTqxn6hwfiTQ1GjfS1q62JZRooFJ+/hVvg==",
      "dev": true,
      "engines": {
        "node": ">=14"
      }
    },
    "node_modules/@middy/util": {
      "version": "3.0.2",
      "resolved": "https://registry.npmjs.org/@middy/util/-/util-3.0.2.tgz",
      "integrity": "sha512-2F53VR3CDO33U9dAATGY057WZTKFFZugqn4mqkm++KIGp2vNOrBjxiq+nM47h1AErioUT9FmBgDBcDWEg+njzg==",
      "engines": {
        "node": ">=14"
      }
    },
    "node_modules/json-mask": {
      "version": "2.0.0",
      "resolved": "https://registry.npmjs.org/json-mask/-/json-mask-2.0.0.tgz",
      "integrity": "sha512-K7Vh8ddLxXTSaYX3DYtuAcv8b7FsaKBXeSHpUamL/3rWZoB2xlP36YTTr/1H/qT44yp8shGP530gvst64oLNbg==",
      "bin": {
        "json-mask": "bin/json-mask.js"
      },
      "engines": {
        "node": ">=14.0.0"
      }
    }
  },
  "dependencies": {
    "@middy/core": {
      "version": "3.0.2",
      "resolved": "https://registry.npmjs.org/@middy/core/-/core-3.0.2.tgz",
      "integrity": "sha512-CI6QNlXiaKrQgz8tBQTtPgQj4gLSdpEN+rOM1cMdpNoW0i1G2grpWTqxn6hwfiTQ1GjfS1q62JZRooFJ+/hVvg==",
      "dev": true
    },
    "@middy/util": {
      "version": "3.0.2",
      "resolved": "https://registry.npmjs.org/@middy/util/-/util-3.0.2.tgz",
      "integrity": "sha512-2F53VR3CDO33U9dAATGY057WZTKFFZugqn4mqkm++KIGp2vNOrBjxiq+nM47h1AErioUT9FmBgDBcDWEg+njzg=="
    },
    "json-mask": {
      "version": "2.0.0",
      "resolved": "https://registry.npmjs.org/json-mask/-/json-mask-2.0.0.tgz",
      "integrity": "sha512-K7Vh8ddLxXTSaYX3DYtuAcv8b7FsaKBXeSHpUamL/3rWZoB2xlP36YTTr/1H/qT44yp8shGP530gvst64oLNbg=="
    }
  }
}
