{
  "name": "@middy/http-security-headers",
  "version": "5.0.0-alpha.0",
  "lockfileVersion": 3,
  "requires": true,
  "packages": {
    "": {
      "name": "@middy/http-security-headers",
      "version": "5.0.0-alpha.0",
      "license": "MIT",
      "dependencies": {
        "@middy/util": "5.0.0-alpha.0"
      },
      "devDependencies": {
        "@middy/core": "5.0.0-alpha.0"
      },
      "engines": {
        "node": ">=18"
      },
      "funding": {
        "type": "github",
        "url": "https://github.com/sponsors/willfarrell"
      }
    },
    "node_modules/@middy/core": {
      "version": "5.0.0-alpha.0",
      "resolved": "https://registry.npmjs.org/@middy/core/-/core-5.0.0-alpha.0.tgz",
      "integrity": "sha512-7nkjoxuQ57vMD5S6IJmVsec6ebeM9JSkk8YQf3LpUUCqMLgbVfyFT9bcXY90vb/UICNuDEnkLyEbi0/bCFYgBg==",
      "dev": true,
      "engines": {
        "node": ">=18"
      },
      "funding": {
        "type": "github",
        "url": "https://github.com/sponsors/willfarrell"
      }
    },
    "node_modules/@middy/util": {
      "version": "5.0.0-alpha.0",
      "resolved": "https://registry.npmjs.org/@middy/util/-/util-5.0.0-alpha.0.tgz",
      "integrity": "sha512-XZu3BeueQ+hrbP0tKJPeFtRRZklGDOaFQHwXKDS5ECp5jL99HNQ8CNQ6jwF7wYt7ltYjNwFFojzmc/o6VEYeVw==",
      "engines": {
        "node": ">=18"
      },
      "funding": {
        "type": "github",
        "url": "https://github.com/sponsors/willfarrell"
      }
    }
  }
}
