{
  "name": "@middy/http-security-headers",
  "version": "4.6.0",
  "lockfileVersion": 3,
  "requires": true,
  "packages": {
    "": {
      "name": "@middy/http-security-headers",
      "version": "4.6.0",
      "license": "MIT",
      "dependencies": {
        "@middy/util": "4.6.0"
      },
      "devDependencies": {
        "@middy/core": "4.6.0"
      },
      "engines": {
        "node": ">=16"
      },
      "funding": {
        "type": "github",
        "url": "https://github.com/sponsors/willfarrell"
      }
    },
    "node_modules/@middy/core": {
      "version": "4.5.5",
      "resolved": "https://registry.npmjs.org/@middy/core/-/core-4.5.5.tgz",
      "integrity": "sha512-aufpLnrpIcGrpd1cjqWR1fc5iSbO2K63GPkUooT+jtI/M7mofqSkr1dtfPx7fRtAFlZVuAjHCF52wJxGgfj1Ng==",
      "dev": true,
      "engines": {
        "node": ">=16"
      },
      "funding": {
        "type": "github",
        "url": "https://github.com/sponsors/willfarrell"
      }
    },
    "node_modules/@middy/util": {
      "version": "4.5.5",
      "resolved": "https://registry.npmjs.org/@middy/util/-/util-4.5.5.tgz",
      "integrity": "sha512-Dx4L/8cAvKqHKo7VA2oS3fv5nvGsDgGsgFfsvMZ/1p7+WkPCCyS2tWD0o/aioZiuLy0DTq8u1W6U0+8k8nQgpQ==",
      "engines": {
        "node": ">=16"
      },
      "funding": {
        "type": "github",
        "url": "https://github.com/sponsors/willfarrell"
      }
    }
  }
}
