{
  "name": "@middy/http-security-headers",
  "version": "2.3.0",
  "lockfileVersion": 2,
  "requires": true,
  "packages": {
    "": {
      "name": "@middy/http-security-headers",
      "version": "2.2.0",
      "license": "MIT",
      "dependencies": {
        "@middy/util": "^2.2.0"
      },
      "devDependencies": {
        "@middy/core": "^2.2.0"
      },
      "engines": {
        "node": ">=12"
      }
    },
    "node_modules/@middy/core": {
      "version": "2.2.0",
      "resolved": "https://registry.npmjs.org/@middy/core/-/core-2.2.0.tgz",
      "integrity": "sha512-IbeUDpBGxLww5Ts+JaxAE3Kr1kVNGMnTpPAjEL+ReHylXvlzEUO/2VOqhPDHrMxZAgJ89CJ1RwF30CyFBQpyPA==",
      "dev": true,
      "engines": {
        "node": ">=12"
      }
    },
    "node_modules/@middy/util": {
      "version": "2.2.0",
      "resolved": "https://registry.npmjs.org/@middy/util/-/util-2.2.0.tgz",
      "integrity": "sha512-W3MtlQ26Y/DN77VLJvGE6dIVdBqPL3x6wsDDIAY9JsHqZUe1iG/akAVV5DTqUJaeWrKBLC2EDIrRgIMIdv/Pew==",
      "engines": {
        "node": ">=12"
      }
    }
  },
  "dependencies": {
    "@middy/core": {
      "version": "2.2.0",
      "resolved": "https://registry.npmjs.org/@middy/core/-/core-2.2.0.tgz",
      "integrity": "sha512-IbeUDpBGxLww5Ts+JaxAE3Kr1kVNGMnTpPAjEL+ReHylXvlzEUO/2VOqhPDHrMxZAgJ89CJ1RwF30CyFBQpyPA==",
      "dev": true
    },
    "@middy/util": {
      "version": "2.2.0",
      "resolved": "https://registry.npmjs.org/@middy/util/-/util-2.2.0.tgz",
      "integrity": "sha512-W3MtlQ26Y/DN77VLJvGE6dIVdBqPL3x6wsDDIAY9JsHqZUe1iG/akAVV5DTqUJaeWrKBLC2EDIrRgIMIdv/Pew=="
    }
  }
}
