{
  "name": "@middy/sqs-json-body-parser",
  "version": "2.0.1",
  "lockfileVersion": 2,
  "requires": true,
  "packages": {
    "": {
      "name": "@middy/sqs-json-body-parser",
      "version": "2.0.1",
      "license": "MIT",
      "dependencies": {
        "@middy/util": "^2.0.1"
      },
      "devDependencies": {
        "@middy/core": "^2.0.1",
        "@serverless/event-mocks": "^1.1.1"
      },
      "engines": {
        "node": ">=12"
      }
    },
    "node_modules/@middy/core": {
      "version": "2.0.1",
      "resolved": "https://registry.npmjs.org/@middy/core/-/core-2.0.1.tgz",
      "integrity": "sha512-Jk9Icmn6JT6br662GYs2vS2fIy+T5X2gHB9XPS5oDxgYIlfdUPR6rmeEc3LZJHwMmIcEElT0ZloZMM3EmY3ueg==",
      "dev": true,
      "engines": {
        "node": ">=12"
      }
    },
    "node_modules/@middy/util": {
      "version": "2.0.1",
      "resolved": "https://registry.npmjs.org/@middy/util/-/util-2.0.1.tgz",
      "integrity": "sha512-C3OUCM7yXXXfGa4kPi/vWwX/oanagcPbNlkVCP+/uAJNqupxkNIy2nbYayEXXHNNXq/fNJGYiWmj1lyTDIDKhg==",
      "engines": {
        "node": ">=12"
      }
    },
    "node_modules/@serverless/event-mocks": {
      "version": "1.1.1",
      "resolved": "https://registry.npmjs.org/@serverless/event-mocks/-/event-mocks-1.1.1.tgz",
      "integrity": "sha512-YAV5V/y+XIOfd+HEVeXfPWZb8C6QLruFk9tBivoX2roQLWVq145s4uxf8D0QioCueuRzkukHUS4JIj+KVoS34A==",
      "dev": true,
      "dependencies": {
        "@types/lodash": "^4.14.123",
        "lodash": "^4.17.11"
      }
    },
    "node_modules/@types/lodash": {
      "version": "4.14.168",
      "resolved": "https://registry.npmjs.org/@types/lodash/-/lodash-4.14.168.tgz",
      "integrity": "sha512-oVfRvqHV/V6D1yifJbVRU3TMp8OT6o6BG+U9MkwuJ3U8/CsDHvalRpsxBqivn71ztOFZBTfJMvETbqHiaNSj7Q==",
      "dev": true
    },
    "node_modules/lodash": {
      "version": "4.17.21",
      "resolved": "https://registry.npmjs.org/lodash/-/lodash-4.17.21.tgz",
      "integrity": "sha512-v2kDEe57lecTulaDIuNTPy3Ry4gLGJ6Z1O3vE1krgXZNrsQ+LFTGHVxVjcXPs17LhbZVGedAJv8XZ1tvj5FvSg==",
      "dev": true
    }
  },
  "dependencies": {
    "@middy/core": {
      "version": "2.0.1",
      "resolved": "https://registry.npmjs.org/@middy/core/-/core-2.0.1.tgz",
      "integrity": "sha512-Jk9Icmn6JT6br662GYs2vS2fIy+T5X2gHB9XPS5oDxgYIlfdUPR6rmeEc3LZJHwMmIcEElT0ZloZMM3EmY3ueg==",
      "dev": true
    },
    "@middy/util": {
      "version": "2.0.1",
      "resolved": "https://registry.npmjs.org/@middy/util/-/util-2.0.1.tgz",
      "integrity": "sha512-C3OUCM7yXXXfGa4kPi/vWwX/oanagcPbNlkVCP+/uAJNqupxkNIy2nbYayEXXHNNXq/fNJGYiWmj1lyTDIDKhg=="
    },
    "@serverless/event-mocks": {
      "version": "1.1.1",
      "resolved": "https://registry.npmjs.org/@serverless/event-mocks/-/event-mocks-1.1.1.tgz",
      "integrity": "sha512-YAV5V/y+XIOfd+HEVeXfPWZb8C6QLruFk9tBivoX2roQLWVq145s4uxf8D0QioCueuRzkukHUS4JIj+KVoS34A==",
      "dev": true,
      "requires": {
        "@types/lodash": "^4.14.123",
        "lodash": "^4.17.11"
      }
    },
    "@types/lodash": {
      "version": "4.14.168",
      "resolved": "https://registry.npmjs.org/@types/lodash/-/lodash-4.14.168.tgz",
      "integrity": "sha512-oVfRvqHV/V6D1yifJbVRU3TMp8OT6o6BG+U9MkwuJ3U8/CsDHvalRpsxBqivn71ztOFZBTfJMvETbqHiaNSj7Q==",
      "dev": true
    },
    "lodash": {
      "version": "4.17.21",
      "resolved": "https://registry.npmjs.org/lodash/-/lodash-4.17.21.tgz",
      "integrity": "sha512-v2kDEe57lecTulaDIuNTPy3Ry4gLGJ6Z1O3vE1krgXZNrsQ+LFTGHVxVjcXPs17LhbZVGedAJv8XZ1tvj5FvSg==",
      "dev": true
    }
  }
}
