{
  "name": "@middy/error-logger",
  "version": "2.5.1",
  "lockfileVersion": 2,
  "requires": true,
  "packages": {
    "": {
      "name": "@middy/error-logger",
      "version": "2.5.1",
      "license": "MIT",
      "devDependencies": {
        "@middy/core": "^2.5.1",
        "@types/node": "^16.0.0"
      },
      "engines": {
        "node": ">=12"
      }
    },
    "node_modules/@middy/core": {
      "version": "2.5.1",
      "resolved": "https://registry.npmjs.org/@middy/core/-/core-2.5.1.tgz",
      "integrity": "sha512-kAZMhjcZRv2eqBd6uFBeaCuaSvhV0gb8XNl8kw/SiqbRptVh5FOb425gK3AtJda4VZPsQb4HeVN3G4Wzdb9o3g==",
      "dev": true,
      "engines": {
        "node": ">=12"
      }
    },
    "node_modules/@types/node": {
      "version": "16.10.2",
      "resolved": "https://registry.npmjs.org/@types/node/-/node-16.10.2.tgz",
      "integrity": "sha512-zCclL4/rx+W5SQTzFs9wyvvyCwoK9QtBpratqz2IYJ3O8Umrn0m3nsTv0wQBk9sRGpvUe9CwPDrQFB10f1FIjQ==",
      "dev": true
    }
  },
  "dependencies": {
    "@middy/core": {
      "version": "2.5.1",
      "resolved": "https://registry.npmjs.org/@middy/core/-/core-2.5.1.tgz",
      "integrity": "sha512-kAZMhjcZRv2eqBd6uFBeaCuaSvhV0gb8XNl8kw/SiqbRptVh5FOb425gK3AtJda4VZPsQb4HeVN3G4Wzdb9o3g==",
      "dev": true
    },
    "@types/node": {
      "version": "16.10.2",
      "resolved": "https://registry.npmjs.org/@types/node/-/node-16.10.2.tgz",
      "integrity": "sha512-zCclL4/rx+W5SQTzFs9wyvvyCwoK9QtBpratqz2IYJ3O8Umrn0m3nsTv0wQBk9sRGpvUe9CwPDrQFB10f1FIjQ==",
      "dev": true
    }
  }
}
