{
  "name": "@middy/error-logger",
  "version": "4.2.1",
  "lockfileVersion": 3,
  "requires": true,
  "packages": {
    "": {
      "name": "@middy/error-logger",
      "version": "4.2.1",
      "license": "MIT",
      "devDependencies": {
        "@middy/core": "4.2.1",
        "@types/node": "^18.0.0"
      },
      "engines": {
        "node": ">=16"
      }
    },
    "node_modules/@middy/core": {
      "version": "4.2.1",
      "resolved": "https://registry.npmjs.org/@middy/core/-/core-4.2.1.tgz",
      "integrity": "sha512-0Bcslcw83SomVaAjszdLTBjuL3pj+a54rVN+tc9Cn8/zXuEyvGOLD+gpcl1LRsNeCehz1P/S4AoCIVbCjOi8fQ==",
      "dev": true,
      "engines": {
        "node": ">=16"
      }
    },
    "node_modules/@types/node": {
      "version": "18.11.18",
      "resolved": "https://registry.npmjs.org/@types/node/-/node-18.11.18.tgz",
      "integrity": "sha512-DHQpWGjyQKSHj3ebjFI/wRKcqQcdR+MoFBygntYOZytCqNfkd2ZC4ARDJ2DQqhjH5p85Nnd3jhUJIXrszFX/JA==",
      "dev": true
    }
  }
}
