{
  "name": "@middy/error-logger",
  "version": "3.3.4",
  "lockfileVersion": 2,
  "requires": true,
  "packages": {
    "": {
      "name": "@middy/error-logger",
      "version": "3.3.4",
      "license": "MIT",
      "devDependencies": {
        "@middy/core": "3.3.4",
        "@types/node": "^18.0.0"
      },
      "engines": {
        "node": ">=14"
      }
    },
    "node_modules/@middy/core": {
      "version": "3.3.3",
      "resolved": "https://registry.npmjs.org/@middy/core/-/core-3.3.3.tgz",
      "integrity": "sha512-z/JPvPYGCobcMTU9Fi3D9dnhgkGsgqqAqDNaiD/4vkqCpld61+ba7sfSvo9hdryHDq7ajZkg7yAYBjYCGoJ2cQ==",
      "dev": true,
      "engines": {
        "node": ">=14"
      }
    },
    "node_modules/@types/node": {
      "version": "18.7.18",
      "resolved": "https://registry.npmjs.org/@types/node/-/node-18.7.18.tgz",
      "integrity": "sha512-m+6nTEOadJZuTPkKR/SYK3A2d7FZrgElol9UP1Kae90VVU4a6mxnPuLiIW1m4Cq4gZ/nWb9GrdVXJCoCazDAbg==",
      "dev": true
    }
  },
  "dependencies": {
    "@middy/core": {
      "version": "3.3.3",
      "resolved": "https://registry.npmjs.org/@middy/core/-/core-3.3.3.tgz",
      "integrity": "sha512-z/JPvPYGCobcMTU9Fi3D9dnhgkGsgqqAqDNaiD/4vkqCpld61+ba7sfSvo9hdryHDq7ajZkg7yAYBjYCGoJ2cQ==",
      "dev": true
    },
    "@types/node": {
      "version": "18.7.18",
      "resolved": "https://registry.npmjs.org/@types/node/-/node-18.7.18.tgz",
      "integrity": "sha512-m+6nTEOadJZuTPkKR/SYK3A2d7FZrgElol9UP1Kae90VVU4a6mxnPuLiIW1m4Cq4gZ/nWb9GrdVXJCoCazDAbg==",
      "dev": true
    }
  }
}
