{
  "name": "@middy/http-router",
  "version": "4.3.1",
  "lockfileVersion": 3,
  "requires": true,
  "packages": {
    "": {
      "name": "@middy/http-router",
      "version": "4.3.1",
      "license": "MIT",
      "dependencies": {
        "@middy/util": "4.3.1"
      },
      "devDependencies": {
        "@middy/core": "4.3.1",
        "@types/aws-lambda": "^8.10.97"
      },
      "engines": {
        "node": ">=16"
      },
      "funding": {
        "type": "github",
        "url": "https://github.com/sponsors/willfarrell"
      }
    },
    "node_modules/@middy/core": {
      "version": "4.3.0",
      "resolved": "https://registry.npmjs.org/@middy/core/-/core-4.3.0.tgz",
      "integrity": "sha512-jB5mKFPzbew4Kol3xjjyJP9Vv59fsHA+h5hBsFyXxCIxxL0agzeCNcXvvv043ox4187C7T2ssa7mhTgIl9ojpA==",
      "dev": true,
      "engines": {
        "node": ">=16"
      },
      "funding": {
        "type": "github",
        "url": "https://github.com/sponsors/willfarrell"
      }
    },
    "node_modules/@middy/util": {
      "version": "4.3.0",
      "resolved": "https://registry.npmjs.org/@middy/util/-/util-4.3.0.tgz",
      "integrity": "sha512-EAVkFH7L8FpSdmi/nbdz7dEXdU0GQ0BWDz+HcSaTmVddykpn2x70HLsxw34ggbBqF3Zb2awDuSOuLWX7ljXJnA==",
      "engines": {
        "node": ">=16"
      },
      "funding": {
        "type": "github",
        "url": "https://github.com/sponsors/willfarrell"
      }
    },
    "node_modules/@types/aws-lambda": {
      "version": "8.10.114",
      "resolved": "https://registry.npmjs.org/@types/aws-lambda/-/aws-lambda-8.10.114.tgz",
      "integrity": "sha512-M8WpEGfC9iQ6V2Ccq6nGIXoQgeVc6z0Ngk8yCOL5V/TYIxshvb0MWQYLFFTZDesL0zmsoBc4OBjG9DB/4rei6w==",
      "dev": true
    }
  }
}
