{
  "name": "@middy/http-response-serializer",
  "version": "2.0.0-beta.0",
  "lockfileVersion": 2,
  "requires": true,
  "packages": {
    "": {
      "name": "@middy/http-response-serializer",
      "version": "2.0.0-alpha.6",
      "license": "MIT",
      "dependencies": {
        "@hapi/accept": "5.0.1",
        "@middy/util": "2.0.0-alpha.6",
        "http-errors": "1.8.0"
      },
      "devDependencies": {
        "@middy/core": "2.0.0-alpha.6"
      },
      "engines": {
        "node": ">=12"
      }
    },
    "node_modules/@hapi/accept": {
      "version": "5.0.1",
      "resolved": "https://registry.npmjs.org/@hapi/accept/-/accept-5.0.1.tgz",
      "integrity": "sha512-fMr4d7zLzsAXo28PRRQPXR1o2Wmu+6z+VY1UzDp0iFo13Twj8WePakwXBiqn3E1aAlTpSNzCXdnnQXFhst8h8Q==",
      "dependencies": {
        "@hapi/boom": "9.x.x",
        "@hapi/hoek": "9.x.x"
      }
    },
    "node_modules/@hapi/boom": {
      "version": "9.1.1",
      "resolved": "https://registry.npmjs.org/@hapi/boom/-/boom-9.1.1.tgz",
      "integrity": "sha512-VNR8eDbBrOxBgbkddRYIe7+8DZ+vSbV6qlmaN2x7eWjsUjy2VmQgChkOKcVZIeupEZYj+I0dqNg430OhwzagjA==",
      "dependencies": {
        "@hapi/hoek": "9.x.x"
      }
    },
    "node_modules/@hapi/hoek": {
      "version": "9.1.1",
      "resolved": "https://registry.npmjs.org/@hapi/hoek/-/hoek-9.1.1.tgz",
      "integrity": "sha512-CAEbWH7OIur6jEOzaai83jq3FmKmv4PmX1JYfs9IrYcGEVI/lyL1EXJGCj7eFVJ0bg5QR8LMxBlEtA+xKiLpFw=="
    },
    "node_modules/@middy/core": {
      "version": "2.0.0-alpha.6",
      "resolved": "https://registry.npmjs.org/@middy/core/-/core-2.0.0-alpha.6.tgz",
      "integrity": "sha512-b0GywbbFKZuxjpyzhBu/1YN+gzz8ipeoeNZV5n+1dQEv/YOsjLXf4NcOaUotoTFj8MirgtMUYqEUy3TWVxf3iQ==",
      "dev": true,
      "engines": {
        "node": ">=12"
      }
    },
    "node_modules/@middy/util": {
      "version": "2.0.0-alpha.6",
      "resolved": "https://registry.npmjs.org/@middy/util/-/util-2.0.0-alpha.6.tgz",
      "integrity": "sha512-ATZwiHSCdi9I+jSVtQZpWR5mvGiiFssI0MHkpFte6HuJ2djkaWsIa2DXejzR7ZGsy0nPArQZQQeEcRL9b8pGXw==",
      "engines": {
        "node": ">=12"
      }
    },
    "node_modules/depd": {
      "version": "1.1.2",
      "resolved": "https://registry.npmjs.org/depd/-/depd-1.1.2.tgz",
      "integrity": "sha1-m81S4UwJd2PnSbJ0xDRu0uVgtak=",
      "engines": {
        "node": ">= 0.6"
      }
    },
    "node_modules/http-errors": {
      "version": "1.8.0",
      "resolved": "https://registry.npmjs.org/http-errors/-/http-errors-1.8.0.tgz",
      "integrity": "sha512-4I8r0C5JDhT5VkvI47QktDW75rNlGVsUf/8hzjCC/wkWI/jdTRmBb9aI7erSG82r1bjKY3F6k28WnsVxB1C73A==",
      "dependencies": {
        "depd": "~1.1.2",
        "inherits": "2.0.4",
        "setprototypeof": "1.2.0",
        "statuses": ">= 1.5.0 < 2",
        "toidentifier": "1.0.0"
      },
      "engines": {
        "node": ">= 0.6"
      }
    },
    "node_modules/inherits": {
      "version": "2.0.4",
      "resolved": "https://registry.npmjs.org/inherits/-/inherits-2.0.4.tgz",
      "integrity": "sha512-k/vGaX4/Yla3WzyMCvTQOXYeIHvqOKtnqBduzTHpzpQZzAskKMhZ2K+EnBiSM9zGSoIFeMpXKxa4dYeZIQqewQ=="
    },
    "node_modules/setprototypeof": {
      "version": "1.2.0",
      "resolved": "https://registry.npmjs.org/setprototypeof/-/setprototypeof-1.2.0.tgz",
      "integrity": "sha512-E5LDX7Wrp85Kil5bhZv46j8jOeboKq5JMmYM3gVGdGH8xFpPWXUMsNrlODCrkoxMEeNi/XZIwuRvY4XNwYMJpw=="
    },
    "node_modules/statuses": {
      "version": "1.5.0",
      "resolved": "https://registry.npmjs.org/statuses/-/statuses-1.5.0.tgz",
      "integrity": "sha1-Fhx9rBd2Wf2YEfQ3cfqZOBR4Yow=",
      "engines": {
        "node": ">= 0.6"
      }
    },
    "node_modules/toidentifier": {
      "version": "1.0.0",
      "resolved": "https://registry.npmjs.org/toidentifier/-/toidentifier-1.0.0.tgz",
      "integrity": "sha512-yaOH/Pk/VEhBWWTlhI+qXxDFXlejDGcQipMlyxda9nthulaxLZUNcUqFxokp0vcYnvteJln5FNQDRrxj3YcbVw==",
      "engines": {
        "node": ">=0.6"
      }
    }
  },
  "dependencies": {
    "@hapi/accept": {
      "version": "5.0.1",
      "resolved": "https://registry.npmjs.org/@hapi/accept/-/accept-5.0.1.tgz",
      "integrity": "sha512-fMr4d7zLzsAXo28PRRQPXR1o2Wmu+6z+VY1UzDp0iFo13Twj8WePakwXBiqn3E1aAlTpSNzCXdnnQXFhst8h8Q==",
      "requires": {
        "@hapi/boom": "9.x.x",
        "@hapi/hoek": "9.x.x"
      }
    },
    "@hapi/boom": {
      "version": "9.1.1",
      "resolved": "https://registry.npmjs.org/@hapi/boom/-/boom-9.1.1.tgz",
      "integrity": "sha512-VNR8eDbBrOxBgbkddRYIe7+8DZ+vSbV6qlmaN2x7eWjsUjy2VmQgChkOKcVZIeupEZYj+I0dqNg430OhwzagjA==",
      "requires": {
        "@hapi/hoek": "9.x.x"
      }
    },
    "@hapi/hoek": {
      "version": "9.1.1",
      "resolved": "https://registry.npmjs.org/@hapi/hoek/-/hoek-9.1.1.tgz",
      "integrity": "sha512-CAEbWH7OIur6jEOzaai83jq3FmKmv4PmX1JYfs9IrYcGEVI/lyL1EXJGCj7eFVJ0bg5QR8LMxBlEtA+xKiLpFw=="
    },
    "@middy/core": {
      "version": "2.0.0-alpha.6",
      "resolved": "https://registry.npmjs.org/@middy/core/-/core-2.0.0-alpha.6.tgz",
      "integrity": "sha512-b0GywbbFKZuxjpyzhBu/1YN+gzz8ipeoeNZV5n+1dQEv/YOsjLXf4NcOaUotoTFj8MirgtMUYqEUy3TWVxf3iQ==",
      "dev": true
    },
    "@middy/util": {
      "version": "2.0.0-alpha.6",
      "resolved": "https://registry.npmjs.org/@middy/util/-/util-2.0.0-alpha.6.tgz",
      "integrity": "sha512-ATZwiHSCdi9I+jSVtQZpWR5mvGiiFssI0MHkpFte6HuJ2djkaWsIa2DXejzR7ZGsy0nPArQZQQeEcRL9b8pGXw=="
    },
    "depd": {
      "version": "1.1.2",
      "resolved": "https://registry.npmjs.org/depd/-/depd-1.1.2.tgz",
      "integrity": "sha1-m81S4UwJd2PnSbJ0xDRu0uVgtak="
    },
    "http-errors": {
      "version": "1.8.0",
      "resolved": "https://registry.npmjs.org/http-errors/-/http-errors-1.8.0.tgz",
      "integrity": "sha512-4I8r0C5JDhT5VkvI47QktDW75rNlGVsUf/8hzjCC/wkWI/jdTRmBb9aI7erSG82r1bjKY3F6k28WnsVxB1C73A==",
      "requires": {
        "depd": "~1.1.2",
        "inherits": "2.0.4",
        "setprototypeof": "1.2.0",
        "statuses": ">= 1.5.0 < 2",
        "toidentifier": "1.0.0"
      }
    },
    "inherits": {
      "version": "2.0.4",
      "resolved": "https://registry.npmjs.org/inherits/-/inherits-2.0.4.tgz",
      "integrity": "sha512-k/vGaX4/Yla3WzyMCvTQOXYeIHvqOKtnqBduzTHpzpQZzAskKMhZ2K+EnBiSM9zGSoIFeMpXKxa4dYeZIQqewQ=="
    },
    "setprototypeof": {
      "version": "1.2.0",
      "resolved": "https://registry.npmjs.org/setprototypeof/-/setprototypeof-1.2.0.tgz",
      "integrity": "sha512-E5LDX7Wrp85Kil5bhZv46j8jOeboKq5JMmYM3gVGdGH8xFpPWXUMsNrlODCrkoxMEeNi/XZIwuRvY4XNwYMJpw=="
    },
    "statuses": {
      "version": "1.5.0",
      "resolved": "https://registry.npmjs.org/statuses/-/statuses-1.5.0.tgz",
      "integrity": "sha1-Fhx9rBd2Wf2YEfQ3cfqZOBR4Yow="
    },
    "toidentifier": {
      "version": "1.0.0",
      "resolved": "https://registry.npmjs.org/toidentifier/-/toidentifier-1.0.0.tgz",
      "integrity": "sha512-yaOH/Pk/VEhBWWTlhI+qXxDFXlejDGcQipMlyxda9nthulaxLZUNcUqFxokp0vcYnvteJln5FNQDRrxj3YcbVw=="
    }
  }
}
