{
  "name": "@middy/http-response-serializer",
  "version": "3.0.0-alpha.5",
  "lockfileVersion": 2,
  "requires": true,
  "packages": {
    "": {
      "name": "@middy/http-response-serializer",
      "version": "3.0.0-alpha.5",
      "license": "MIT",
      "dependencies": {
        "@hapi/accept": "5.0.2",
        "@middy/util": "^3.0.0-alpha.5"
      },
      "devDependencies": {
        "@middy/core": "^3.0.0-alpha.5"
      },
      "engines": {
        "node": ">=14"
      }
    },
    "node_modules/@hapi/accept": {
      "version": "5.0.2",
      "resolved": "https://registry.npmjs.org/@hapi/accept/-/accept-5.0.2.tgz",
      "integrity": "sha512-CmzBx/bXUR8451fnZRuZAJRlzgm0Jgu5dltTX/bszmR2lheb9BpyN47Q1RbaGTsvFzn0PXAEs+lXDKfshccYZw==",
      "dependencies": {
        "@hapi/boom": "9.x.x",
        "@hapi/hoek": "9.x.x"
      }
    },
    "node_modules/@hapi/boom": {
      "version": "9.1.4",
      "resolved": "https://registry.npmjs.org/@hapi/boom/-/boom-9.1.4.tgz",
      "integrity": "sha512-Ls1oH8jaN1vNsqcaHVYJrKmgMcKsC1wcp8bujvXrHaAqD2iDYq3HoOwsxwo09Cuda5R5nC0o0IxlrlTuvPuzSw==",
      "dependencies": {
        "@hapi/hoek": "9.x.x"
      }
    },
    "node_modules/@hapi/hoek": {
      "version": "9.2.1",
      "resolved": "https://registry.npmjs.org/@hapi/hoek/-/hoek-9.2.1.tgz",
      "integrity": "sha512-gfta+H8aziZsm8pZa0vj04KO6biEiisppNgA1kbJvFrrWu9Vm7eaUEy76DIxsuTaWvti5fkJVhllWc6ZTE+Mdw=="
    },
    "node_modules/@middy/core": {
      "version": "3.0.0-alpha.5",
      "resolved": "https://registry.npmjs.org/@middy/core/-/core-3.0.0-alpha.5.tgz",
      "integrity": "sha512-qisXvefA+XO+gCBvv//qTXkZU/gk29/+yrvMKM4JAgGKQs82f4/q9l6Ggw7HlhaJHHpEgxf3S4+C7hgkZrslWg==",
      "dev": true,
      "engines": {
        "node": ">=14"
      }
    },
    "node_modules/@middy/util": {
      "version": "3.0.0-alpha.5",
      "resolved": "https://registry.npmjs.org/@middy/util/-/util-3.0.0-alpha.5.tgz",
      "integrity": "sha512-fEy+w1KVkt02j1pYLmcUiRSkwD7gxnvTUbQWrhj3XAhF6MaWhrXhUG5GsOxjW7hu019ApNta/k6+FDf/1+b+pw==",
      "engines": {
        "node": ">=14"
      }
    }
  },
  "dependencies": {
    "@hapi/accept": {
      "version": "5.0.2",
      "resolved": "https://registry.npmjs.org/@hapi/accept/-/accept-5.0.2.tgz",
      "integrity": "sha512-CmzBx/bXUR8451fnZRuZAJRlzgm0Jgu5dltTX/bszmR2lheb9BpyN47Q1RbaGTsvFzn0PXAEs+lXDKfshccYZw==",
      "requires": {
        "@hapi/boom": "9.x.x",
        "@hapi/hoek": "9.x.x"
      }
    },
    "@hapi/boom": {
      "version": "9.1.4",
      "resolved": "https://registry.npmjs.org/@hapi/boom/-/boom-9.1.4.tgz",
      "integrity": "sha512-Ls1oH8jaN1vNsqcaHVYJrKmgMcKsC1wcp8bujvXrHaAqD2iDYq3HoOwsxwo09Cuda5R5nC0o0IxlrlTuvPuzSw==",
      "requires": {
        "@hapi/hoek": "9.x.x"
      }
    },
    "@hapi/hoek": {
      "version": "9.2.1",
      "resolved": "https://registry.npmjs.org/@hapi/hoek/-/hoek-9.2.1.tgz",
      "integrity": "sha512-gfta+H8aziZsm8pZa0vj04KO6biEiisppNgA1kbJvFrrWu9Vm7eaUEy76DIxsuTaWvti5fkJVhllWc6ZTE+Mdw=="
    },
    "@middy/core": {
      "version": "3.0.0-alpha.5",
      "resolved": "https://registry.npmjs.org/@middy/core/-/core-3.0.0-alpha.5.tgz",
      "integrity": "sha512-qisXvefA+XO+gCBvv//qTXkZU/gk29/+yrvMKM4JAgGKQs82f4/q9l6Ggw7HlhaJHHpEgxf3S4+C7hgkZrslWg==",
      "dev": true
    },
    "@middy/util": {
      "version": "3.0.0-alpha.5",
      "resolved": "https://registry.npmjs.org/@middy/util/-/util-3.0.0-alpha.5.tgz",
      "integrity": "sha512-fEy+w1KVkt02j1pYLmcUiRSkwD7gxnvTUbQWrhj3XAhF6MaWhrXhUG5GsOxjW7hu019ApNta/k6+FDf/1+b+pw=="
    }
  }
}
