{
  "name": "@middy/http-urlencode-path-parser",
  "version": "4.2.1",
  "lockfileVersion": 3,
  "requires": true,
  "packages": {
    "": {
      "name": "@middy/http-urlencode-path-parser",
      "version": "4.2.1",
      "license": "MIT",
      "devDependencies": {
        "@middy/core": "4.2.1",
        "@types/aws-lambda": "^8.10.101",
        "type-fest": "^3.0.0"
      },
      "engines": {
        "node": ">=16"
      }
    },
    "node_modules/@middy/core": {
      "version": "4.2.0",
      "resolved": "https://registry.npmjs.org/@middy/core/-/core-4.2.0.tgz",
      "integrity": "sha512-qgkkb2w2KfFKSK6InEENhdU4akVWtWSS4x4xyboBxJugbq6GIf5AMLTgrjRXginUi+F1FSLQftry3ER5c3n2cw==",
      "dev": true,
      "engines": {
        "node": ">=16"
      }
    },
    "node_modules/@types/aws-lambda": {
      "version": "8.10.109",
      "resolved": "https://registry.npmjs.org/@types/aws-lambda/-/aws-lambda-8.10.109.tgz",
      "integrity": "sha512-/ME92FneNyXQzrAfcnQQlW1XkCZGPDlpi2ao1MJwecN+6SbeonKeggU8eybv1DfKli90FAVT1MlIZVXfwVuCyg==",
      "dev": true
    },
    "node_modules/type-fest": {
      "version": "3.5.3",
      "resolved": "https://registry.npmjs.org/type-fest/-/type-fest-3.5.3.tgz",
      "integrity": "sha512-V2+og4j/rWReWvaFrse3s9g2xvUv/K9Azm/xo6CjIuq7oeGqsoimC7+9/A3tfvNcbQf8RPSVj/HV81fB4DJrjA==",
      "dev": true,
      "engines": {
        "node": ">=14.16"
      },
      "funding": {
        "url": "https://github.com/sponsors/sindresorhus"
      }
    }
  }
}
