{
	"name": "@middy/input-output-logger",
	"version": "3.0.0-alpha.2",
	"lockfileVersion": 2,
	"requires": true,
	"packages": {
		"": {
			"name": "@middy/input-output-logger",
			"version": "3.0.0-alpha.2",
			"license": "MIT",
			"devDependencies": {
				"@types/node": "^17.0.0"
			},
			"engines": {
				"node": ">=14"
			}
		},
		"node_modules/@types/node": {
			"version": "17.0.9",
			"resolved": "https://registry.npmjs.org/@types/node/-/node-17.0.9.tgz",
			"integrity": "sha512-5dNBXu/FOER+EXnyah7rn8xlNrfMOQb/qXnw4NQgLkCygKBKhdmF/CA5oXVOKZLBEahw8s2WP9LxIcN/oDDRgQ==",
			"dev": true
		}
	},
	"dependencies": {
		"@types/node": {
			"version": "17.0.9",
			"resolved": "https://registry.npmjs.org/@types/node/-/node-17.0.9.tgz",
			"integrity": "sha512-5dNBXu/FOER+EXnyah7rn8xlNrfMOQb/qXnw4NQgLkCygKBKhdmF/CA5oXVOKZLBEahw8s2WP9LxIcN/oDDRgQ==",
			"dev": true
		}
	}
}
