{
  "name": "@middy/input-output-logger",
  "version": "2.0.0-alpha.0",
  "lockfileVersion": 1,
  "requires": true,
  "dependencies": {
    "@middy/core": {
      "version": "1.5.0",
      "resolved": "https://registry.npmjs.org/@middy/core/-/core-1.5.0.tgz",
      "integrity": "sha512-hXz3wN1Xezb16hL4aPopW6HQgkvi348bJryM5RC/QbL8PzKhtoQJKIKWY51RX9T8DuWDMnh+p1u1e70LRLrMFg==",
      "dev": true,
      "requires": {
        "once": "^1.4.0"
      }
    },
    "@types/lodash": {
      "version": "4.14.166",
      "resolved": "https://registry.npmjs.org/@types/lodash/-/lodash-4.14.166.tgz",
      "integrity": "sha512-A3YT/c1oTlyvvW/GQqG86EyqWNrT/tisOIh2mW3YCgcx71TNjiTZA3zYZWA5BCmtsOTXjhliy4c4yEkErw6njA==",
      "dev": true
    },
    "@types/node": {
      "version": "14.14.17",
      "resolved": "https://registry.npmjs.org/@types/node/-/node-14.14.17.tgz",
      "integrity": "sha512-G0lD1/7qD60TJ/mZmhog76k7NcpLWkPVGgzkRy3CTlnFu4LUQh5v2Wa661z6vnXmD8EQrnALUyf0VRtrACYztw==",
      "dev": true
    },
    "lodash.omit": {
      "version": "4.5.0",
      "resolved": "https://registry.npmjs.org/lodash.omit/-/lodash.omit-4.5.0.tgz",
      "integrity": "sha1-brGa5aHuHdnfC5aeZs4Lf6MLXmA="
    },
    "once": {
      "version": "1.4.0",
      "resolved": "https://registry.npmjs.org/once/-/once-1.4.0.tgz",
      "integrity": "sha1-WDsap3WWHUsROsF9nFC6753Xa9E=",
      "dev": true,
      "requires": {
        "wrappy": "1"
      }
    },
    "wrappy": {
      "version": "1.0.2",
      "resolved": "https://registry.npmjs.org/wrappy/-/wrappy-1.0.2.tgz",
      "integrity": "sha1-tSQ9jz7BqjXxNkYFvA0QNuMKtp8=",
      "dev": true
    }
  }
}
